// !$*UTF8*$!
{
	archiveVersion = 1;
	classes = {
	};
	objectVersion = 46;
	objects = {

/* Begin PBXBuildFile section */
		D02106421C5D63E600F66FEB /* GDLocation.m in Sources */ = {isa = PBXBuildFile; fileRef = D02106411C5D63E600F66FEB /* GDLocation.m */; };
		D02106481C5D654100F66FEB /* GDAddress.m in Sources */ = {isa = PBXBuildFile; fileRef = D02106471C5D654100F66FEB /* GDAddress.m */; };
		D021064B1C5D655200F66FEB /* GDCategory.m in Sources */ = {isa = PBXBuildFile; fileRef = D021064A1C5D655200F66FEB /* GDCategory.m */; };
		D021064E1C5D68FF00F66FEB /* GDLoyalty.m in Sources */ = {isa = PBXBuildFile; fileRef = D021064D1C5D68FF00F66FEB /* GDLoyalty.m */; };
		D02106521C5D69C900F66FEB /* GDPromotion.m in Sources */ = {isa = PBXBuildFile; fileRef = D02106511C5D69C900F66FEB /* GDPromotion.m */; };
		D021069C1C5D71B000F66FEB /* ImageCollectionController.m in Sources */ = {isa = PBXBuildFile; fileRef = D021069A1C5D71B000F66FEB /* ImageCollectionController.m */; };
		D021069D1C5D71B000F66FEB /* ImageCollectionController.m in Sources */ = {isa = PBXBuildFile; fileRef = D021069A1C5D71B000F66FEB /* ImageCollectionController.m */; };
		D021069E1C5D71B000F66FEB /* ImageCollectionController.m in Sources */ = {isa = PBXBuildFile; fileRef = D021069A1C5D71B000F66FEB /* ImageCollectionController.m */; };
		D02106A31C5D721100F66FEB /* UIImageView+WebRotationFixed.m in Sources */ = {isa = PBXBuildFile; fileRef = D021069F1C5D721100F66FEB /* UIImageView+WebRotationFixed.m */; };
		D02106A41C5D721100F66FEB /* UIImageView+WebRotationFixed.m in Sources */ = {isa = PBXBuildFile; fileRef = D021069F1C5D721100F66FEB /* UIImageView+WebRotationFixed.m */; };
		D02106A51C5D721100F66FEB /* UIImageView+WebRotationFixed.m in Sources */ = {isa = PBXBuildFile; fileRef = D021069F1C5D721100F66FEB /* UIImageView+WebRotationFixed.m */; };
		D02106A61C5D721100F66FEB /* UIImage+OrientationFix.m in Sources */ = {isa = PBXBuildFile; fileRef = D02106A11C5D721100F66FEB /* UIImage+OrientationFix.m */; };
		D02106A71C5D721100F66FEB /* UIImage+OrientationFix.m in Sources */ = {isa = PBXBuildFile; fileRef = D02106A11C5D721100F66FEB /* UIImage+OrientationFix.m */; };
		D02106A81C5D721100F66FEB /* UIImage+OrientationFix.m in Sources */ = {isa = PBXBuildFile; fileRef = D02106A11C5D721100F66FEB /* UIImage+OrientationFix.m */; };
		D02106B01C5D73DA00F66FEB /* ImageViewCell.xib in Resources */ = {isa = PBXBuildFile; fileRef = D02106AC1C5D73DA00F66FEB /* ImageViewCell.xib */; };
		D02106B11C5D73DA00F66FEB /* ImageViewCell.xib in Resources */ = {isa = PBXBuildFile; fileRef = D02106AC1C5D73DA00F66FEB /* ImageViewCell.xib */; };
		D02106B21C5D73DA00F66FEB /* ImageViewCell.xib in Resources */ = {isa = PBXBuildFile; fileRef = D02106AC1C5D73DA00F66FEB /* ImageViewCell.xib */; };
		D02106B31C5D73DA00F66FEB /* ImageViewCell.m in Sources */ = {isa = PBXBuildFile; fileRef = D02106AD1C5D73DA00F66FEB /* ImageViewCell.m */; };
		D02106B41C5D73DA00F66FEB /* ImageViewCell.m in Sources */ = {isa = PBXBuildFile; fileRef = D02106AD1C5D73DA00F66FEB /* ImageViewCell.m */; };
		D02106B51C5D73DA00F66FEB /* ImageViewCell.m in Sources */ = {isa = PBXBuildFile; fileRef = D02106AD1C5D73DA00F66FEB /* ImageViewCell.m */; };
		D02106BF1C5D7C2500F66FEB /* NavViewController.m in Sources */ = {isa = PBXBuildFile; fileRef = D02106BE1C5D7C2500F66FEB /* NavViewController.m */; };
		D02106C21C5D817F00F66FEB /* RootViewController.m in Sources */ = {isa = PBXBuildFile; fileRef = D02106C11C5D817F00F66FEB /* RootViewController.m */; };
		D02106C91C5DA19200F66FEB /* RestaurantsCollectionViewController.m in Sources */ = {isa = PBXBuildFile; fileRef = D02106C81C5DA19200F66FEB /* RestaurantsCollectionViewController.m */; };
		D02106D81C5DA33C00F66FEB /* RestaurantItemViewCell.m in Sources */ = {isa = PBXBuildFile; fileRef = D02106D61C5DA33C00F66FEB /* RestaurantItemViewCell.m */; };
		D02106D91C5DA33C00F66FEB /* RestaurantItemViewCell.m in Sources */ = {isa = PBXBuildFile; fileRef = D02106D61C5DA33C00F66FEB /* RestaurantItemViewCell.m */; };
		D02106DA1C5DA33C00F66FEB /* RestaurantItemViewCell.m in Sources */ = {isa = PBXBuildFile; fileRef = D02106D61C5DA33C00F66FEB /* RestaurantItemViewCell.m */; };
		D02106DB1C5DA33C00F66FEB /* RestaurantItemViewCell.xib in Resources */ = {isa = PBXBuildFile; fileRef = D02106D71C5DA33C00F66FEB /* RestaurantItemViewCell.xib */; };
		D02106DC1C5DA33C00F66FEB /* RestaurantItemViewCell.xib in Resources */ = {isa = PBXBuildFile; fileRef = D02106D71C5DA33C00F66FEB /* RestaurantItemViewCell.xib */; };
		D02106DD1C5DA33C00F66FEB /* RestaurantItemViewCell.xib in Resources */ = {isa = PBXBuildFile; fileRef = D02106D71C5DA33C00F66FEB /* RestaurantItemViewCell.xib */; };
		D02106E61C5DCEDF00F66FEB /* RestaurantDetailsViewController.m in Sources */ = {isa = PBXBuildFile; fileRef = D02106E51C5DCEDF00F66FEB /* RestaurantDetailsViewController.m */; };
		D02106E71C5DCEDF00F66FEB /* RestaurantDetailsViewController.m in Sources */ = {isa = PBXBuildFile; fileRef = D02106E51C5DCEDF00F66FEB /* RestaurantDetailsViewController.m */; };
		D02106E81C5DCEDF00F66FEB /* RestaurantDetailsViewController.m in Sources */ = {isa = PBXBuildFile; fileRef = D02106E51C5DCEDF00F66FEB /* RestaurantDetailsViewController.m */; };
		D02106ED1C5DE59000F66FEB /* FredPlaying.m in Sources */ = {isa = PBXBuildFile; fileRef = D02106EC1C5DE59000F66FEB /* FredPlaying.m */; };
		D02107321C5DF54F00F66FEB /* MapViewController.m in Sources */ = {isa = PBXBuildFile; fileRef = D021072D1C5DF54F00F66FEB /* MapViewController.m */; };
		D02107331C5DF54F00F66FEB /* MapViewController.m in Sources */ = {isa = PBXBuildFile; fileRef = D021072D1C5DF54F00F66FEB /* MapViewController.m */; };
		D02107341C5DF54F00F66FEB /* MapViewController.m in Sources */ = {isa = PBXBuildFile; fileRef = D021072D1C5DF54F00F66FEB /* MapViewController.m */; };
		D02107351C5DF54F00F66FEB /* MKMapView+ZoomLevel.m in Sources */ = {isa = PBXBuildFile; fileRef = D02107301C5DF54F00F66FEB /* MKMapView+ZoomLevel.m */; };
		D02107361C5DF54F00F66FEB /* MKMapView+ZoomLevel.m in Sources */ = {isa = PBXBuildFile; fileRef = D02107301C5DF54F00F66FEB /* MKMapView+ZoomLevel.m */; };
		D02107371C5DF54F00F66FEB /* MKMapView+ZoomLevel.m in Sources */ = {isa = PBXBuildFile; fileRef = D02107301C5DF54F00F66FEB /* MKMapView+ZoomLevel.m */; };
		D021073D1C5E6E8B00F66FEB /* GDCertificate.m in Sources */ = {isa = PBXBuildFile; fileRef = D021073C1C5E6E8B00F66FEB /* GDCertificate.m */; };
		D021074A1C5E739B00F66FEB /* CertificatesCollectionViewController.m in Sources */ = {isa = PBXBuildFile; fileRef = D02107431C5E739B00F66FEB /* CertificatesCollectionViewController.m */; };
		D021074B1C5E739B00F66FEB /* CertificatesCollectionViewController.m in Sources */ = {isa = PBXBuildFile; fileRef = D02107431C5E739B00F66FEB /* CertificatesCollectionViewController.m */; };
		D021074C1C5E739B00F66FEB /* CertificatesCollectionViewController.m in Sources */ = {isa = PBXBuildFile; fileRef = D02107431C5E739B00F66FEB /* CertificatesCollectionViewController.m */; };
		D09F57581C5E7D380010420E /* CertificateItemViewCell.m in Sources */ = {isa = PBXBuildFile; fileRef = D09F57561C5E7D380010420E /* CertificateItemViewCell.m */; };
		D09F57591C5E7D380010420E /* CertificateItemViewCell.m in Sources */ = {isa = PBXBuildFile; fileRef = D09F57561C5E7D380010420E /* CertificateItemViewCell.m */; };
		D09F575A1C5E7D380010420E /* CertificateItemViewCell.m in Sources */ = {isa = PBXBuildFile; fileRef = D09F57561C5E7D380010420E /* CertificateItemViewCell.m */; };
		D09F575B1C5E7D380010420E /* CertificateItemViewCell.xib in Resources */ = {isa = PBXBuildFile; fileRef = D09F57571C5E7D380010420E /* CertificateItemViewCell.xib */; };
		D09F575C1C5E7D380010420E /* CertificateItemViewCell.xib in Resources */ = {isa = PBXBuildFile; fileRef = D09F57571C5E7D380010420E /* CertificateItemViewCell.xib */; };
		D09F575D1C5E7D380010420E /* CertificateItemViewCell.xib in Resources */ = {isa = PBXBuildFile; fileRef = D09F57571C5E7D380010420E /* CertificateItemViewCell.xib */; };
		D0A194CD1C5D47F10044D061 /* main.m in Sources */ = {isa = PBXBuildFile; fileRef = D0A194CC1C5D47F10044D061 /* main.m */; };
		D0A194D01C5D47F10044D061 /* AppDelegate.m in Sources */ = {isa = PBXBuildFile; fileRef = D0A194CF1C5D47F10044D061 /* AppDelegate.m */; };
		D0A194D91C5D47F10044D061 /* Main.storyboard in Resources */ = {isa = PBXBuildFile; fileRef = D0A194D71C5D47F10044D061 /* Main.storyboard */; };
		D0A194DB1C5D47F10044D061 /* Assets.xcassets in Resources */ = {isa = PBXBuildFile; fileRef = D0A194DA1C5D47F10044D061 /* Assets.xcassets */; };
		D0A194DE1C5D47F10044D061 /* LaunchScreen.storyboard in Resources */ = {isa = PBXBuildFile; fileRef = D0A194DC1C5D47F10044D061 /* LaunchScreen.storyboard */; };
		D0A194E91C5D47F10044D061 /* sweTests.m in Sources */ = {isa = PBXBuildFile; fileRef = D0A194E81C5D47F10044D061 /* sweTests.m */; };
		D0A194F41C5D47F10044D061 /* sweUITests.m in Sources */ = {isa = PBXBuildFile; fileRef = D0A194F31C5D47F10044D061 /* sweUITests.m */; };
		D0F28A2E1C5E907F00910605 /* DiscountsCollectionViewController.m in Sources */ = {isa = PBXBuildFile; fileRef = D0F28A271C5E907F00910605 /* DiscountsCollectionViewController.m */; };
		D0F28A2F1C5E907F00910605 /* DiscountsCollectionViewController.m in Sources */ = {isa = PBXBuildFile; fileRef = D0F28A271C5E907F00910605 /* DiscountsCollectionViewController.m */; };
		D0F28A301C5E907F00910605 /* DiscountsCollectionViewController.m in Sources */ = {isa = PBXBuildFile; fileRef = D0F28A271C5E907F00910605 /* DiscountsCollectionViewController.m */; };
		D0F28A331C5E90F800910605 /* DiscountItemViewCell.m in Sources */ = {isa = PBXBuildFile; fileRef = D0F28A321C5E90F800910605 /* DiscountItemViewCell.m */; };
		D0F28A341C5E90F800910605 /* DiscountItemViewCell.m in Sources */ = {isa = PBXBuildFile; fileRef = D0F28A321C5E90F800910605 /* DiscountItemViewCell.m */; };
		D0F28A351C5E90F800910605 /* DiscountItemViewCell.m in Sources */ = {isa = PBXBuildFile; fileRef = D0F28A321C5E90F800910605 /* DiscountItemViewCell.m */; };
		D0F28A371C5E911400910605 /* DiscountItemViewCell.xib in Resources */ = {isa = PBXBuildFile; fileRef = D0F28A361C5E911400910605 /* DiscountItemViewCell.xib */; };
		D0F28A381C5E911400910605 /* DiscountItemViewCell.xib in Resources */ = {isa = PBXBuildFile; fileRef = D0F28A361C5E911400910605 /* DiscountItemViewCell.xib */; };
		D0F28A391C5E911400910605 /* DiscountItemViewCell.xib in Resources */ = {isa = PBXBuildFile; fileRef = D0F28A361C5E911400910605 /* DiscountItemViewCell.xib */; };
		DAD61D4EAD9CB182432A4278 /* libPods.a in Frameworks */ = {isa = PBXBuildFile; fileRef = A978F58B106BC970DD7AB858 /* libPods.a */; };
/* End PBXBuildFile section */

/* Begin PBXContainerItemProxy section */
		D0A194E51C5D47F10044D061 /* PBXContainerItemProxy */ = {
			isa = PBXContainerItemProxy;
			containerPortal = D0A194C01C5D47F10044D061 /* Project object */;
			proxyType = 1;
			remoteGlobalIDString = D0A194C71C5D47F10044D061;
			remoteInfo = swe;
		};
		D0A194F01C5D47F10044D061 /* PBXContainerItemProxy */ = {
			isa = PBXContainerItemProxy;
			containerPortal = D0A194C01C5D47F10044D061 /* Project object */;
			proxyType = 1;
			remoteGlobalIDString = D0A194C71C5D47F10044D061;
			remoteInfo = swe;
		};
/* End PBXContainerItemProxy section */

/* Begin PBXFileReference section */
		03E6155C776708245F2CE988 /* Pods.debug.xcconfig */ = {isa = PBXFileReference; includeInIndex = 1; lastKnownFileType = text.xcconfig; name = Pods.debug.xcconfig; path = "Pods/Target Support Files/Pods/Pods.debug.xcconfig"; sourceTree = "<group>"; };
		07F1E54B4E960A2BFB539A41 /* Pods.release.xcconfig */ = {isa = PBXFileReference; includeInIndex = 1; lastKnownFileType = text.xcconfig; name = Pods.release.xcconfig; path = "Pods/Target Support Files/Pods/Pods.release.xcconfig"; sourceTree = "<group>"; };
		A978F58B106BC970DD7AB858 /* libPods.a */ = {isa = PBXFileReference; explicitFileType = archive.ar; includeInIndex = 0; path = libPods.a; sourceTree = BUILT_PRODUCTS_DIR; };
		D02106401C5D63E600F66FEB /* GDLocation.h */ = {isa = PBXFileReference; fileEncoding = 4; lastKnownFileType = sourcecode.c.h; path = GDLocation.h; sourceTree = "<group>"; };
		D02106411C5D63E600F66FEB /* GDLocation.m */ = {isa = PBXFileReference; fileEncoding = 4; lastKnownFileType = sourcecode.c.objc; path = GDLocation.m; sourceTree = "<group>"; };
		D02106461C5D654100F66FEB /* GDAddress.h */ = {isa = PBXFileReference; fileEncoding = 4; lastKnownFileType = sourcecode.c.h; path = GDAddress.h; sourceTree = "<group>"; };
		D02106471C5D654100F66FEB /* GDAddress.m */ = {isa = PBXFileReference; fileEncoding = 4; lastKnownFileType = sourcecode.c.objc; path = GDAddress.m; sourceTree = "<group>"; };
		D02106491C5D655200F66FEB /* GDCategory.h */ = {isa = PBXFileReference; fileEncoding = 4; lastKnownFileType = sourcecode.c.h; path = GDCategory.h; sourceTree = "<group>"; };
		D021064A1C5D655200F66FEB /* GDCategory.m */ = {isa = PBXFileReference; fileEncoding = 4; lastKnownFileType = sourcecode.c.objc; path = GDCategory.m; sourceTree = "<group>"; };
		D021064C1C5D68FF00F66FEB /* GDLoyalty.h */ = {isa = PBXFileReference; fileEncoding = 4; lastKnownFileType = sourcecode.c.h; path = GDLoyalty.h; sourceTree = "<group>"; };
		D021064D1C5D68FF00F66FEB /* GDLoyalty.m */ = {isa = PBXFileReference; fileEncoding = 4; lastKnownFileType = sourcecode.c.objc; path = GDLoyalty.m; sourceTree = "<group>"; };
		D02106501C5D69C900F66FEB /* GDPromotion.h */ = {isa = PBXFileReference; fileEncoding = 4; lastKnownFileType = sourcecode.c.h; path = GDPromotion.h; sourceTree = "<group>"; };
		D02106511C5D69C900F66FEB /* GDPromotion.m */ = {isa = PBXFileReference; fileEncoding = 4; lastKnownFileType = sourcecode.c.objc; path = GDPromotion.m; sourceTree = "<group>"; };
		D021069A1C5D71B000F66FEB /* ImageCollectionController.m */ = {isa = PBXFileReference; fileEncoding = 4; lastKnownFileType = sourcecode.c.objc; path = ImageCollectionController.m; sourceTree = "<group>"; };
		D021069B1C5D71B000F66FEB /* ImageCollectionController.h */ = {isa = PBXFileReference; fileEncoding = 4; lastKnownFileType = sourcecode.c.h; path = ImageCollectionController.h; sourceTree = "<group>"; };
		D021069F1C5D721100F66FEB /* UIImageView+WebRotationFixed.m */ = {isa = PBXFileReference; fileEncoding = 4; lastKnownFileType = sourcecode.c.objc; path = "UIImageView+WebRotationFixed.m"; sourceTree = "<group>"; };
		D02106A01C5D721100F66FEB /* UIImageView+WebRotationFixed.h */ = {isa = PBXFileReference; fileEncoding = 4; lastKnownFileType = sourcecode.c.h; path = "UIImageView+WebRotationFixed.h"; sourceTree = "<group>"; };
		D02106A11C5D721100F66FEB /* UIImage+OrientationFix.m */ = {isa = PBXFileReference; fileEncoding = 4; lastKnownFileType = sourcecode.c.objc; path = "UIImage+OrientationFix.m"; sourceTree = "<group>"; };
		D02106A21C5D721100F66FEB /* UIImage+OrientationFix.h */ = {isa = PBXFileReference; fileEncoding = 4; lastKnownFileType = sourcecode.c.h; path = "UIImage+OrientationFix.h"; sourceTree = "<group>"; };
		D02106AC1C5D73DA00F66FEB /* ImageViewCell.xib */ = {isa = PBXFileReference; fileEncoding = 4; lastKnownFileType = file.xib; path = ImageViewCell.xib; sourceTree = "<group>"; };
		D02106AD1C5D73DA00F66FEB /* ImageViewCell.m */ = {isa = PBXFileReference; fileEncoding = 4; lastKnownFileType = sourcecode.c.objc; path = ImageViewCell.m; sourceTree = "<group>"; };
		D02106AE1C5D73DA00F66FEB /* ImageViewCell.h */ = {isa = PBXFileReference; fileEncoding = 4; lastKnownFileType = sourcecode.c.h; path = ImageViewCell.h; sourceTree = "<group>"; };
		D02106AF1C5D73DA00F66FEB /* ImageViewCellDelegate.h */ = {isa = PBXFileReference; fileEncoding = 4; lastKnownFileType = sourcecode.c.h; path = ImageViewCellDelegate.h; sourceTree = "<group>"; };
		D02106BD1C5D7C2500F66FEB /* NavViewController.h */ = {isa = PBXFileReference; fileEncoding = 4; lastKnownFileType = sourcecode.c.h; path = NavViewController.h; sourceTree = "<group>"; };
		D02106BE1C5D7C2500F66FEB /* NavViewController.m */ = {isa = PBXFileReference; fileEncoding = 4; lastKnownFileType = sourcecode.c.objc; path = NavViewController.m; sourceTree = "<group>"; };
		D02106C01C5D817F00F66FEB /* RootViewController.h */ = {isa = PBXFileReference; fileEncoding = 4; lastKnownFileType = sourcecode.c.h; path = RootViewController.h; sourceTree = "<group>"; };
		D02106C11C5D817F00F66FEB /* RootViewController.m */ = {isa = PBXFileReference; fileEncoding = 4; lastKnownFileType = sourcecode.c.objc; path = RootViewController.m; sourceTree = "<group>"; };
		D02106C31C5D942000F66FEB /* ImageCollectionControllerDelegate.h */ = {isa = PBXFileReference; fileEncoding = 4; lastKnownFileType = sourcecode.c.h; path = ImageCollectionControllerDelegate.h; sourceTree = "<group>"; };
		D02106C71C5DA19200F66FEB /* RestaurantsCollectionViewController.h */ = {isa = PBXFileReference; fileEncoding = 4; lastKnownFileType = sourcecode.c.h; path = RestaurantsCollectionViewController.h; sourceTree = "<group>"; };
		D02106C81C5DA19200F66FEB /* RestaurantsCollectionViewController.m */ = {isa = PBXFileReference; fileEncoding = 4; lastKnownFileType = sourcecode.c.objc; path = RestaurantsCollectionViewController.m; sourceTree = "<group>"; };
		D02106D51C5DA33C00F66FEB /* RestaurantItemViewCell.h */ = {isa = PBXFileReference; fileEncoding = 4; lastKnownFileType = sourcecode.c.h; path = RestaurantItemViewCell.h; sourceTree = "<group>"; };
		D02106D61C5DA33C00F66FEB /* RestaurantItemViewCell.m */ = {isa = PBXFileReference; fileEncoding = 4; lastKnownFileType = sourcecode.c.objc; path = RestaurantItemViewCell.m; sourceTree = "<group>"; };
		D02106D71C5DA33C00F66FEB /* RestaurantItemViewCell.xib */ = {isa = PBXFileReference; fileEncoding = 4; lastKnownFileType = file.xib; path = RestaurantItemViewCell.xib; sourceTree = "<group>"; };
		D02106E41C5DCEDF00F66FEB /* RestaurantDetailsViewController.h */ = {isa = PBXFileReference; fileEncoding = 4; lastKnownFileType = sourcecode.c.h; path = RestaurantDetailsViewController.h; sourceTree = "<group>"; };
		D02106E51C5DCEDF00F66FEB /* RestaurantDetailsViewController.m */ = {isa = PBXFileReference; fileEncoding = 4; lastKnownFileType = sourcecode.c.objc; path = RestaurantDetailsViewController.m; sourceTree = "<group>"; };
		D02106EB1C5DE59000F66FEB /* FredPlaying.h */ = {isa = PBXFileReference; fileEncoding = 4; lastKnownFileType = sourcecode.c.h; path = FredPlaying.h; sourceTree = "<group>"; };
		D02106EC1C5DE59000F66FEB /* FredPlaying.m */ = {isa = PBXFileReference; fileEncoding = 4; lastKnownFileType = sourcecode.c.objc; path = FredPlaying.m; sourceTree = "<group>"; };
		D021072D1C5DF54F00F66FEB /* MapViewController.m */ = {isa = PBXFileReference; fileEncoding = 4; lastKnownFileType = sourcecode.c.objc; path = MapViewController.m; sourceTree = "<group>"; };
		D021072E1C5DF54F00F66FEB /* MapViewController.h */ = {isa = PBXFileReference; fileEncoding = 4; lastKnownFileType = sourcecode.c.h; path = MapViewController.h; sourceTree = "<group>"; };
		D021072F1C5DF54F00F66FEB /* MapRelayDelegate.h */ = {isa = PBXFileReference; fileEncoding = 4; lastKnownFileType = sourcecode.c.h; path = MapRelayDelegate.h; sourceTree = "<group>"; };
		D02107301C5DF54F00F66FEB /* MKMapView+ZoomLevel.m */ = {isa = PBXFileReference; fileEncoding = 4; lastKnownFileType = sourcecode.c.objc; path = "MKMapView+ZoomLevel.m"; sourceTree = "<group>"; };
		D02107311C5DF54F00F66FEB /* MKMapView+ZoomLevel.h */ = {isa = PBXFileReference; fileEncoding = 4; lastKnownFileType = sourcecode.c.h; path = "MKMapView+ZoomLevel.h"; sourceTree = "<group>"; };
		D021073B1C5E6E8B00F66FEB /* GDCertificate.h */ = {isa = PBXFileReference; fileEncoding = 4; lastKnownFileType = sourcecode.c.h; path = GDCertificate.h; sourceTree = "<group>"; };
		D021073C1C5E6E8B00F66FEB /* GDCertificate.m */ = {isa = PBXFileReference; fileEncoding = 4; lastKnownFileType = sourcecode.c.objc; path = GDCertificate.m; sourceTree = "<group>"; };
		D02107421C5E739B00F66FEB /* CertificatesCollectionViewController.h */ = {isa = PBXFileReference; fileEncoding = 4; lastKnownFileType = sourcecode.c.h; path = CertificatesCollectionViewController.h; sourceTree = "<group>"; };
		D02107431C5E739B00F66FEB /* CertificatesCollectionViewController.m */ = {isa = PBXFileReference; fileEncoding = 4; lastKnownFileType = sourcecode.c.objc; path = CertificatesCollectionViewController.m; sourceTree = "<group>"; };
		D09F57551C5E7D380010420E /* CertificateItemViewCell.h */ = {isa = PBXFileReference; fileEncoding = 4; lastKnownFileType = sourcecode.c.h; path = CertificateItemViewCell.h; sourceTree = "<group>"; };
		D09F57561C5E7D380010420E /* CertificateItemViewCell.m */ = {isa = PBXFileReference; fileEncoding = 4; lastKnownFileType = sourcecode.c.objc; path = CertificateItemViewCell.m; sourceTree = "<group>"; };
		D09F57571C5E7D380010420E /* CertificateItemViewCell.xib */ = {isa = PBXFileReference; fileEncoding = 4; lastKnownFileType = file.xib; path = CertificateItemViewCell.xib; sourceTree = "<group>"; };
		D0A194C81C5D47F10044D061 /* swe.app */ = {isa = PBXFileReference; explicitFileType = wrapper.application; includeInIndex = 0; path = swe.app; sourceTree = BUILT_PRODUCTS_DIR; };
		D0A194CC1C5D47F10044D061 /* main.m */ = {isa = PBXFileReference; lastKnownFileType = sourcecode.c.objc; path = main.m; sourceTree = "<group>"; };
		D0A194CE1C5D47F10044D061 /* AppDelegate.h */ = {isa = PBXFileReference; lastKnownFileType = sourcecode.c.h; path = AppDelegate.h; sourceTree = "<group>"; };
		D0A194CF1C5D47F10044D061 /* AppDelegate.m */ = {isa = PBXFileReference; lastKnownFileType = sourcecode.c.objc; path = AppDelegate.m; sourceTree = "<group>"; };
		D0A194D81C5D47F10044D061 /* Base */ = {isa = PBXFileReference; lastKnownFileType = file.storyboard; name = Base; path = Base.lproj/Main.storyboard; sourceTree = "<group>"; };
		D0A194DA1C5D47F10044D061 /* Assets.xcassets */ = {isa = PBXFileReference; lastKnownFileType = folder.assetcatalog; path = Assets.xcassets; sourceTree = "<group>"; };
		D0A194DD1C5D47F10044D061 /* Base */ = {isa = PBXFileReference; lastKnownFileType = file.storyboard; name = Base; path = Base.lproj/LaunchScreen.storyboard; sourceTree = "<group>"; };
		D0A194DF1C5D47F10044D061 /* Info.plist */ = {isa = PBXFileReference; lastKnownFileType = text.plist.xml; path = Info.plist; sourceTree = "<group>"; };
		D0A194E41C5D47F10044D061 /* sweTests.xctest */ = {isa = PBXFileReference; explicitFileType = wrapper.cfbundle; includeInIndex = 0; path = sweTests.xctest; sourceTree = BUILT_PRODUCTS_DIR; };
		D0A194E81C5D47F10044D061 /* sweTests.m */ = {isa = PBXFileReference; lastKnownFileType = sourcecode.c.objc; path = sweTests.m; sourceTree = "<group>"; };
		D0A194EA1C5D47F10044D061 /* Info.plist */ = {isa = PBXFileReference; lastKnownFileType = text.plist.xml; path = Info.plist; sourceTree = "<group>"; };
		D0A194EF1C5D47F10044D061 /* sweUITests.xctest */ = {isa = PBXFileReference; explicitFileType = wrapper.cfbundle; includeInIndex = 0; path = sweUITests.xctest; sourceTree = BUILT_PRODUCTS_DIR; };
		D0A194F31C5D47F10044D061 /* sweUITests.m */ = {isa = PBXFileReference; lastKnownFileType = sourcecode.c.objc; path = sweUITests.m; sourceTree = "<group>"; };
		D0A194F51C5D47F10044D061 /* Info.plist */ = {isa = PBXFileReference; lastKnownFileType = text.plist.xml; path = Info.plist; sourceTree = "<group>"; };
		D0F28A261C5E907F00910605 /* DiscountsCollectionViewController.h */ = {isa = PBXFileReference; fileEncoding = 4; lastKnownFileType = sourcecode.c.h; path = DiscountsCollectionViewController.h; sourceTree = "<group>"; };
		D0F28A271C5E907F00910605 /* DiscountsCollectionViewController.m */ = {isa = PBXFileReference; fileEncoding = 4; lastKnownFileType = sourcecode.c.objc; path = DiscountsCollectionViewController.m; sourceTree = "<group>"; };
		D0F28A311C5E90F800910605 /* DiscountItemViewCell.h */ = {isa = PBXFileReference; fileEncoding = 4; lastKnownFileType = sourcecode.c.h; path = DiscountItemViewCell.h; sourceTree = "<group>"; };
		D0F28A321C5E90F800910605 /* DiscountItemViewCell.m */ = {isa = PBXFileReference; fileEncoding = 4; lastKnownFileType = sourcecode.c.objc; path = DiscountItemViewCell.m; sourceTree = "<group>"; };
		D0F28A361C5E911400910605 /* DiscountItemViewCell.xib */ = {isa = PBXFileReference; fileEncoding = 4; lastKnownFileType = file.xib; path = DiscountItemViewCell.xib; sourceTree = "<group>"; };
/* End PBXFileReference section */

/* Begin PBXFrameworksBuildPhase section */
		D0A194C51C5D47F10044D061 /* Frameworks */ = {
			isa = PBXFrameworksBuildPhase;
			buildActionMask = 2147483647;
			files = (
				DAD61D4EAD9CB182432A4278 /* libPods.a in Frameworks */,
			);
			runOnlyForDeploymentPostprocessing = 0;
		};
		D0A194E11C5D47F10044D061 /* Frameworks */ = {
			isa = PBXFrameworksBuildPhase;
			buildActionMask = 2147483647;
			files = (
			);
			runOnlyForDeploymentPostprocessing = 0;
		};
		D0A194EC1C5D47F10044D061 /* Frameworks */ = {
			isa = PBXFrameworksBuildPhase;
			buildActionMask = 2147483647;
			files = (
			);
			runOnlyForDeploymentPostprocessing = 0;
		};
/* End PBXFrameworksBuildPhase section */

/* Begin PBXGroup section */
		BF9F8AE20C7ED26A8CBF73D4 /* Pods */ = {
			isa = PBXGroup;
			children = (
				03E6155C776708245F2CE988 /* Pods.debug.xcconfig */,
				07F1E54B4E960A2BFB539A41 /* Pods.release.xcconfig */,
			);
			name = Pods;
			sourceTree = "<group>";
		};
		D021063F1C5D63A800F66FEB /* Model Objects */ = {
			isa = PBXGroup;
			children = (
				D02106441C5D651700F66FEB /* Address */,
				D02106451C5D652300F66FEB /* Categories */,
				D021073E1C5E6E8F00F66FEB /* Certificate */,
				D02106431C5D651100F66FEB /* Location */,
				D021064F1C5D690300F66FEB /* Loyalty */,
				D02106531C5D69CE00F66FEB /* Promotion */,
			);
			name = "Model Objects";
			sourceTree = "<group>";
		};
		D02106431C5D651100F66FEB /* Location */ = {
			isa = PBXGroup;
			children = (
				D02106401C5D63E600F66FEB /* GDLocation.h */,
				D02106411C5D63E600F66FEB /* GDLocation.m */,
			);
			name = Location;
			sourceTree = "<group>";
		};
		D02106441C5D651700F66FEB /* Address */ = {
			isa = PBXGroup;
			children = (
				D02106461C5D654100F66FEB /* GDAddress.h */,
				D02106471C5D654100F66FEB /* GDAddress.m */,
			);
			name = Address;
			sourceTree = "<group>";
		};
		D02106451C5D652300F66FEB /* Categories */ = {
			isa = PBXGroup;
			children = (
				D02106491C5D655200F66FEB /* GDCategory.h */,
				D021064A1C5D655200F66FEB /* GDCategory.m */,
			);
			name = Categories;
			sourceTree = "<group>";
		};
		D021064F1C5D690300F66FEB /* Loyalty */ = {
			isa = PBXGroup;
			children = (
				D021064C1C5D68FF00F66FEB /* GDLoyalty.h */,
				D021064D1C5D68FF00F66FEB /* GDLoyalty.m */,
			);
			name = Loyalty;
			sourceTree = "<group>";
		};
		D02106531C5D69CE00F66FEB /* Promotion */ = {
			isa = PBXGroup;
			children = (
				D02106501C5D69C900F66FEB /* GDPromotion.h */,
				D02106511C5D69C900F66FEB /* GDPromotion.m */,
			);
			name = Promotion;
			sourceTree = "<group>";
		};
		D02106981C5D719300F66FEB /* ImageCollectionViewController */ = {
			isa = PBXGroup;
			children = (
				D021069B1C5D71B000F66FEB /* ImageCollectionController.h */,
				D021069A1C5D71B000F66FEB /* ImageCollectionController.m */,
				D02106C41C5D942300F66FEB /* Controller Delegate */,
				D02106B61C5D73DF00F66FEB /* ImageViewCell */,
				D02106AB1C5D727A00F66FEB /* Delegate */,
			);
			name = ImageCollectionViewController;
			sourceTree = "<group>";
		};
		D02106A91C5D722700F66FEB /* UIImageView+WebRotationFix */ = {
			isa = PBXGroup;
			children = (
				D02106A01C5D721100F66FEB /* UIImageView+WebRotationFixed.h */,
				D021069F1C5D721100F66FEB /* UIImageView+WebRotationFixed.m */,
			);
			name = "UIImageView+WebRotationFix";
			sourceTree = "<group>";
		};
		D02106AA1C5D723200F66FEB /* UIImageView+OrientationFix */ = {
			isa = PBXGroup;
			children = (
				D02106A21C5D721100F66FEB /* UIImage+OrientationFix.h */,
				D02106A11C5D721100F66FEB /* UIImage+OrientationFix.m */,
			);
			name = "UIImageView+OrientationFix";
			sourceTree = "<group>";
		};
		D02106AB1C5D727A00F66FEB /* Delegate */ = {
			isa = PBXGroup;
			children = (
			);
			name = Delegate;
			sourceTree = "<group>";
		};
		D02106B61C5D73DF00F66FEB /* ImageViewCell */ = {
			isa = PBXGroup;
			children = (
				D02106AE1C5D73DA00F66FEB /* ImageViewCell.h */,
				D02106AD1C5D73DA00F66FEB /* ImageViewCell.m */,
				D02106AC1C5D73DA00F66FEB /* ImageViewCell.xib */,
				D02106AF1C5D73DA00F66FEB /* ImageViewCellDelegate.h */,
			);
			name = ImageViewCell;
			sourceTree = "<group>";
		};
		D02106C41C5D942300F66FEB /* Controller Delegate */ = {
			isa = PBXGroup;
			children = (
				D02106C31C5D942000F66FEB /* ImageCollectionControllerDelegate.h */,
			);
			name = "Controller Delegate";
			sourceTree = "<group>";
		};
		D02106C51C5D951600F66FEB /* Navigation View Controller */ = {
			isa = PBXGroup;
			children = (
				D02106BD1C5D7C2500F66FEB /* NavViewController.h */,
				D02106BE1C5D7C2500F66FEB /* NavViewController.m */,
			);
			name = "Navigation View Controller";
			sourceTree = "<group>";
		};
		D02106C61C5D954300F66FEB /* Root / 1st View Controller */ = {
			isa = PBXGroup;
			children = (
				D02106C01C5D817F00F66FEB /* RootViewController.h */,
				D02106C11C5D817F00F66FEB /* RootViewController.m */,
				D02106D41C5DA2D900F66FEB /* Restaurants View */,
			);
			name = "Root / 1st View Controller";
			sourceTree = "<group>";
		};
		D02106D31C5DA2CF00F66FEB /* Restaurant Item Cell */ = {
			isa = PBXGroup;
			children = (
				D02106D51C5DA33C00F66FEB /* RestaurantItemViewCell.h */,
				D02106D61C5DA33C00F66FEB /* RestaurantItemViewCell.m */,
				D02106D71C5DA33C00F66FEB /* RestaurantItemViewCell.xib */,
			);
			name = "Restaurant Item Cell";
			sourceTree = "<group>";
		};
		D02106D41C5DA2D900F66FEB /* Restaurants View */ = {
			isa = PBXGroup;
			children = (
				D02106C71C5DA19200F66FEB /* RestaurantsCollectionViewController.h */,
				D02106C81C5DA19200F66FEB /* RestaurantsCollectionViewController.m */,
				D02106D31C5DA2CF00F66FEB /* Restaurant Item Cell */,
			);
			name = "Restaurants View";
			sourceTree = "<group>";
		};
		D02106DE1C5DCEA900F66FEB /* RestaurantDetailsViewController */ = {
			isa = PBXGroup;
			children = (
				D02106E41C5DCEDF00F66FEB /* RestaurantDetailsViewController.h */,
				D02106E51C5DCEDF00F66FEB /* RestaurantDetailsViewController.m */,
			);
			name = RestaurantDetailsViewController;
			sourceTree = "<group>";
		};
		D02107381C5DF55800F66FEB /* MKMapView+ZoomLevel */ = {
			isa = PBXGroup;
			children = (
				D02107301C5DF54F00F66FEB /* MKMapView+ZoomLevel.m */,
				D02107311C5DF54F00F66FEB /* MKMapView+ZoomLevel.h */,
			);
			name = "MKMapView+ZoomLevel";
			sourceTree = "<group>";
		};
		D02107391C5DF56C00F66FEB /* MapViewController */ = {
			isa = PBXGroup;
			children = (
				D021072E1C5DF54F00F66FEB /* MapViewController.h */,
				D021072D1C5DF54F00F66FEB /* MapViewController.m */,
			);
			name = MapViewController;
			sourceTree = "<group>";
		};
		D021073A1C5DF57700F66FEB /* Map */ = {
			isa = PBXGroup;
			children = (
				D02107391C5DF56C00F66FEB /* MapViewController */,
				D02107381C5DF55800F66FEB /* MKMapView+ZoomLevel */,
				D021072F1C5DF54F00F66FEB /* MapRelayDelegate.h */,
			);
			name = Map;
			sourceTree = "<group>";
		};
		D021073E1C5E6E8F00F66FEB /* Certificate */ = {
			isa = PBXGroup;
			children = (
				D021073B1C5E6E8B00F66FEB /* GDCertificate.h */,
				D021073C1C5E6E8B00F66FEB /* GDCertificate.m */,
			);
			name = Certificate;
			sourceTree = "<group>";
		};
		D021074D1C5E73A800F66FEB /* Certificates View Controller */ = {
			isa = PBXGroup;
			children = (
				D02107421C5E739B00F66FEB /* CertificatesCollectionViewController.h */,
				D02107431C5E739B00F66FEB /* CertificatesCollectionViewController.m */,
				D021074E1C5E73B300F66FEB /* Certificate Item Cell */,
			);
			name = "Certificates View Controller";
			sourceTree = "<group>";
		};
		D021074E1C5E73B300F66FEB /* Certificate Item Cell */ = {
			isa = PBXGroup;
			children = (
				D09F57551C5E7D380010420E /* CertificateItemViewCell.h */,
				D09F57561C5E7D380010420E /* CertificateItemViewCell.m */,
				D09F57571C5E7D380010420E /* CertificateItemViewCell.xib */,
			);
			name = "Certificate Item Cell";
			sourceTree = "<group>";
		};
		D09F576D1C5E87CA0010420E /* Discounts View Controller */ = {
			isa = PBXGroup;
			children = (
				D0F28A261C5E907F00910605 /* DiscountsCollectionViewController.h */,
				D0F28A271C5E907F00910605 /* DiscountsCollectionViewController.m */,
				D0F28A3A1C5E92A400910605 /* Discount Item View Cell */,
			);
			name = "Discounts View Controller";
			sourceTree = "<group>";
		};
		D0A194BF1C5D47F10044D061 = {
			isa = PBXGroup;
			children = (
				D0A194CA1C5D47F10044D061 /* swe */,
				D0A194E71C5D47F10044D061 /* sweTests */,
				D0A194F21C5D47F10044D061 /* sweUITests */,
				D0A194C91C5D47F10044D061 /* Products */,
				BF9F8AE20C7ED26A8CBF73D4 /* Pods */,
				E750C26E6D115B2451902D74 /* Frameworks */,
			);
			sourceTree = "<group>";
		};
		D0A194C91C5D47F10044D061 /* Products */ = {
			isa = PBXGroup;
			children = (
				D0A194C81C5D47F10044D061 /* swe.app */,
				D0A194E41C5D47F10044D061 /* sweTests.xctest */,
				D0A194EF1C5D47F10044D061 /* sweUITests.xctest */,
			);
			name = Products;
			sourceTree = "<group>";
		};
		D0A194CA1C5D47F10044D061 /* swe */ = {
			isa = PBXGroup;
			children = (
				D021063F1C5D63A800F66FEB /* Model Objects */,
				D02106A91C5D722700F66FEB /* UIImageView+WebRotationFix */,
				D02106AA1C5D723200F66FEB /* UIImageView+OrientationFix */,
				D0A194CE1C5D47F10044D061 /* AppDelegate.h */,
				D0A194CF1C5D47F10044D061 /* AppDelegate.m */,
				D02106C51C5D951600F66FEB /* Navigation View Controller */,
				D02106C61C5D954300F66FEB /* Root / 1st View Controller */,
				D02106981C5D719300F66FEB /* ImageCollectionViewController */,
				D02106DE1C5DCEA900F66FEB /* RestaurantDetailsViewController */,
				D021073A1C5DF57700F66FEB /* Map */,
				D021074D1C5E73A800F66FEB /* Certificates View Controller */,
				D09F576D1C5E87CA0010420E /* Discounts View Controller */,
				D0A194D71C5D47F10044D061 /* Main.storyboard */,
				D0A194DA1C5D47F10044D061 /* Assets.xcassets */,
				D0A194DC1C5D47F10044D061 /* LaunchScreen.storyboard */,
				D0A194DF1C5D47F10044D061 /* Info.plist */,
				D0A194CB1C5D47F10044D061 /* Supporting Files */,
				D02106EB1C5DE59000F66FEB /* FredPlaying.h */,
				D02106EC1C5DE59000F66FEB /* FredPlaying.m */,
			);
			path = swe;
			sourceTree = "<group>";
		};
		D0A194CB1C5D47F10044D061 /* Supporting Files */ = {
			isa = PBXGroup;
			children = (
				D0A194CC1C5D47F10044D061 /* main.m */,
			);
			name = "Supporting Files";
			sourceTree = "<group>";
		};
		D0A194E71C5D47F10044D061 /* sweTests */ = {
			isa = PBXGroup;
			children = (
				D0A194E81C5D47F10044D061 /* sweTests.m */,
				D0A194EA1C5D47F10044D061 /* Info.plist */,
			);
			path = sweTests;
			sourceTree = "<group>";
		};
		D0A194F21C5D47F10044D061 /* sweUITests */ = {
			isa = PBXGroup;
			children = (
				D0A194F31C5D47F10044D061 /* sweUITests.m */,
				D0A194F51C5D47F10044D061 /* Info.plist */,
			);
			path = sweUITests;
			sourceTree = "<group>";
		};
		D0F28A3A1C5E92A400910605 /* Discount Item View Cell */ = {
			isa = PBXGroup;
			children = (
				D0F28A311C5E90F800910605 /* DiscountItemViewCell.h */,
				D0F28A321C5E90F800910605 /* DiscountItemViewCell.m */,
				D0F28A361C5E911400910605 /* DiscountItemViewCell.xib */,
			);
			name = "Discount Item View Cell";
			sourceTree = "<group>";
		};
		E750C26E6D115B2451902D74 /* Frameworks */ = {
			isa = PBXGroup;
			children = (
				A978F58B106BC970DD7AB858 /* libPods.a */,
			);
			name = Frameworks;
			sourceTree = "<group>";
		};
/* End PBXGroup section */

/* Begin PBXNativeTarget section */
		D0A194C71C5D47F10044D061 /* swe */ = {
			isa = PBXNativeTarget;
			buildConfigurationList = D0A194F81C5D47F10044D061 /* Build configuration list for PBXNativeTarget "swe" */;
			buildPhases = (
				1702D75FC3C5EF57E998E340 /* Check Pods Manifest.lock */,
				D0A194C41C5D47F10044D061 /* Sources */,
				D0A194C51C5D47F10044D061 /* Frameworks */,
				D0A194C61C5D47F10044D061 /* Resources */,
				2478C4714A1074BB5A7B3B55 /* Embed Pods Frameworks */,
				E2B03FC54166FD8AA34693DE /* Copy Pods Resources */,
			);
			buildRules = (
			);
			dependencies = (
			);
			name = swe;
			productName = swe;
			productReference = D0A194C81C5D47F10044D061 /* swe.app */;
			productType = "com.apple.product-type.application";
		};
		D0A194E31C5D47F10044D061 /* sweTests */ = {
			isa = PBXNativeTarget;
			buildConfigurationList = D0A194FB1C5D47F10044D061 /* Build configuration list for PBXNativeTarget "sweTests" */;
			buildPhases = (
				D0A194E01C5D47F10044D061 /* Sources */,
				D0A194E11C5D47F10044D061 /* Frameworks */,
				D0A194E21C5D47F10044D061 /* Resources */,
			);
			buildRules = (
			);
			dependencies = (
				D0A194E61C5D47F10044D061 /* PBXTargetDependency */,
			);
			name = sweTests;
			productName = sweTests;
			productReference = D0A194E41C5D47F10044D061 /* sweTests.xctest */;
			productType = "com.apple.product-type.bundle.unit-test";
		};
		D0A194EE1C5D47F10044D061 /* sweUITests */ = {
			isa = PBXNativeTarget;
			buildConfigurationList = D0A194FE1C5D47F10044D061 /* Build configuration list for PBXNativeTarget "sweUITests" */;
			buildPhases = (
				D0A194EB1C5D47F10044D061 /* Sources */,
				D0A194EC1C5D47F10044D061 /* Frameworks */,
				D0A194ED1C5D47F10044D061 /* Resources */,
			);
			buildRules = (
			);
			dependencies = (
				D0A194F11C5D47F10044D061 /* PBXTargetDependency */,
			);
			name = sweUITests;
			productName = sweUITests;
			productReference = D0A194EF1C5D47F10044D061 /* sweUITests.xctest */;
			productType = "com.apple.product-type.bundle.ui-testing";
		};
/* End PBXNativeTarget section */

/* Begin PBXProject section */
		D0A194C01C5D47F10044D061 /* Project object */ = {
			isa = PBXProject;
			attributes = {
				LastUpgradeCheck = 0720;
				ORGANIZATIONNAME = greendrex;
				TargetAttributes = {
					D0A194C71C5D47F10044D061 = {
						CreatedOnToolsVersion = 7.2;
					};
					D0A194E31C5D47F10044D061 = {
						CreatedOnToolsVersion = 7.2;
						TestTargetID = D0A194C71C5D47F10044D061;
					};
					D0A194EE1C5D47F10044D061 = {
						CreatedOnToolsVersion = 7.2;
						TestTargetID = D0A194C71C5D47F10044D061;
					};
				};
			};
			buildConfigurationList = D0A194C31C5D47F10044D061 /* Build configuration list for PBXProject "swe" */;
			compatibilityVersion = "Xcode 3.2";
			developmentRegion = English;
			hasScannedForEncodings = 0;
			knownRegions = (
				en,
				Base,
			);
			mainGroup = D0A194BF1C5D47F10044D061;
			productRefGroup = D0A194C91C5D47F10044D061 /* Products */;
			projectDirPath = "";
			projectRoot = "";
			targets = (
				D0A194C71C5D47F10044D061 /* swe */,
				D0A194E31C5D47F10044D061 /* sweTests */,
				D0A194EE1C5D47F10044D061 /* sweUITests */,
			);
		};
/* End PBXProject section */

/* Begin PBXResourcesBuildPhase section */
		D0A194C61C5D47F10044D061 /* Resources */ = {
			isa = PBXResourcesBuildPhase;
			buildActionMask = 2147483647;
			files = (
				D02106DB1C5DA33C00F66FEB /* RestaurantItemViewCell.xib in Resources */,
				D09F575B1C5E7D380010420E /* CertificateItemViewCell.xib in Resources */,
				D02106B01C5D73DA00F66FEB /* ImageViewCell.xib in Resources */,
				D0A194DE1C5D47F10044D061 /* LaunchScreen.storyboard in Resources */,
				D0A194DB1C5D47F10044D061 /* Assets.xcassets in Resources */,
				D0A194D91C5D47F10044D061 /* Main.storyboard in Resources */,
				D0F28A371C5E911400910605 /* DiscountItemViewCell.xib in Resources */,
			);
			runOnlyForDeploymentPostprocessing = 0;
		};
		D0A194E21C5D47F10044D061 /* Resources */ = {
			isa = PBXResourcesBuildPhase;
			buildActionMask = 2147483647;
			files = (
				D0F28A381C5E911400910605 /* DiscountItemViewCell.xib in Resources */,
				D02106DC1C5DA33C00F66FEB /* RestaurantItemViewCell.xib in Resources */,
				D09F575C1C5E7D380010420E /* CertificateItemViewCell.xib in Resources */,
				D02106B11C5D73DA00F66FEB /* ImageViewCell.xib in Resources */,
			);
			runOnlyForDeploymentPostprocessing = 0;
		};
		D0A194ED1C5D47F10044D061 /* Resources */ = {
			isa = PBXResourcesBuildPhase;
			buildActionMask = 2147483647;
			files = (
				D0F28A391C5E911400910605 /* DiscountItemViewCell.xib in Resources */,
				D02106DD1C5DA33C00F66FEB /* RestaurantItemViewCell.xib in Resources */,
				D09F575D1C5E7D380010420E /* CertificateItemViewCell.xib in Resources */,
				D02106B21C5D73DA00F66FEB /* ImageViewCell.xib in Resources */,
			);
			runOnlyForDeploymentPostprocessing = 0;
		};
/* End PBXResourcesBuildPhase section */

/* Begin PBXShellScriptBuildPhase section */
		1702D75FC3C5EF57E998E340 /* Check Pods Manifest.lock */ = {
			isa = PBXShellScriptBuildPhase;
			buildActionMask = 2147483647;
			files = (
			);
			inputPaths = (
			);
			name = "Check Pods Manifest.lock";
			outputPaths = (
			);
			runOnlyForDeploymentPostprocessing = 0;
			shellPath = /bin/sh;
			shellScript = "diff \"${PODS_ROOT}/../Podfile.lock\" \"${PODS_ROOT}/Manifest.lock\" > /dev/null\nif [[ $? != 0 ]] ; then\n    cat << EOM\nerror: The sandbox is not in sync with the Podfile.lock. Run 'pod install' or update your CocoaPods installation.\nEOM\n    exit 1\nfi\n";
			showEnvVarsInLog = 0;
		};
		2478C4714A1074BB5A7B3B55 /* Embed Pods Frameworks */ = {
			isa = PBXShellScriptBuildPhase;
			buildActionMask = 2147483647;
			files = (
			);
			inputPaths = (
			);
			name = "Embed Pods Frameworks";
			outputPaths = (
			);
			runOnlyForDeploymentPostprocessing = 0;
			shellPath = /bin/sh;
			shellScript = "\"${SRCROOT}/Pods/Target Support Files/Pods/Pods-frameworks.sh\"\n";
			showEnvVarsInLog = 0;
		};
		E2B03FC54166FD8AA34693DE /* Copy Pods Resources */ = {
			isa = PBXShellScriptBuildPhase;
			buildActionMask = 2147483647;
			files = (
			);
			inputPaths = (
			);
			name = "Copy Pods Resources";
			outputPaths = (
			);
			runOnlyForDeploymentPostprocessing = 0;
			shellPath = /bin/sh;
			shellScript = "\"${SRCROOT}/Pods/Target Support Files/Pods/Pods-resources.sh\"\n";
			showEnvVarsInLog = 0;
		};
/* End PBXShellScriptBuildPhase section */

/* Begin PBXSourcesBuildPhase section */
		D0A194C41C5D47F10044D061 /* Sources */ = {
			isa = PBXSourcesBuildPhase;
			buildActionMask = 2147483647;
			files = (
				D02106B31C5D73DA00F66FEB /* ImageViewCell.m in Sources */,
				D02106521C5D69C900F66FEB /* GDPromotion.m in Sources */,
				D02107351C5DF54F00F66FEB /* MKMapView+ZoomLevel.m in Sources */,
				D021064B1C5D655200F66FEB /* GDCategory.m in Sources */,
				D021073D1C5E6E8B00F66FEB /* GDCertificate.m in Sources */,
				D0F28A2E1C5E907F00910605 /* DiscountsCollectionViewController.m in Sources */,
				D09F57581C5E7D380010420E /* CertificateItemViewCell.m in Sources */,
				D02107321C5DF54F00F66FEB /* MapViewController.m in Sources */,
				D021074A1C5E739B00F66FEB /* CertificatesCollectionViewController.m in Sources */,
				D02106A31C5D721100F66FEB /* UIImageView+WebRotationFixed.m in Sources */,
				D02106ED1C5DE59000F66FEB /* FredPlaying.m in Sources */,
				D02106481C5D654100F66FEB /* GDAddress.m in Sources */,
				D02106C91C5DA19200F66FEB /* RestaurantsCollectionViewController.m in Sources */,
				D02106BF1C5D7C2500F66FEB /* NavViewController.m in Sources */,
				D02106A61C5D721100F66FEB /* UIImage+OrientationFix.m in Sources */,
				D02106421C5D63E600F66FEB /* GDLocation.m in Sources */,
				D02106C21C5D817F00F66FEB /* RootViewController.m in Sources */,
				D0A194D01C5D47F10044D061 /* AppDelegate.m in Sources */,
				D021069C1C5D71B000F66FEB /* ImageCollectionController.m in Sources */,
				D0A194CD1C5D47F10044D061 /* main.m in Sources */,
				D0F28A331C5E90F800910605 /* DiscountItemViewCell.m in Sources */,
				D02106D81C5DA33C00F66FEB /* RestaurantItemViewCell.m in Sources */,
				D02106E61C5DCEDF00F66FEB /* RestaurantDetailsViewController.m in Sources */,
				D021064E1C5D68FF00F66FEB /* GDLoyalty.m in Sources */,
			);
			runOnlyForDeploymentPostprocessing = 0;
		};
		D0A194E01C5D47F10044D061 /* Sources */ = {
			isa = PBXSourcesBuildPhase;
			buildActionMask = 2147483647;
			files = (
				D02106B41C5D73DA00F66FEB /* ImageViewCell.m in Sources */,
				D02107361C5DF54F00F66FEB /* MKMapView+ZoomLevel.m in Sources */,
				D021069D1C5D71B000F66FEB /* ImageCollectionController.m in Sources */,
				D0F28A2F1C5E907F00910605 /* DiscountsCollectionViewController.m in Sources */,
				D0F28A341C5E90F800910605 /* DiscountItemViewCell.m in Sources */,
				D02106A71C5D721100F66FEB /* UIImage+OrientationFix.m in Sources */,
				D02107331C5DF54F00F66FEB /* MapViewController.m in Sources */,
				D09F57591C5E7D380010420E /* CertificateItemViewCell.m in Sources */,
				D021074B1C5E739B00F66FEB /* CertificatesCollectionViewController.m in Sources */,
				D02106A41C5D721100F66FEB /* UIImageView+WebRotationFixed.m in Sources */,
				D02106E71C5DCEDF00F66FEB /* RestaurantDetailsViewController.m in Sources */,
				D02106D91C5DA33C00F66FEB /* RestaurantItemViewCell.m in Sources */,
				D0A194E91C5D47F10044D061 /* sweTests.m in Sources */,
			);
			runOnlyForDeploymentPostprocessing = 0;
		};
		D0A194EB1C5D47F10044D061 /* Sources */ = {
			isa = PBXSourcesBuildPhase;
			buildActionMask = 2147483647;
			files = (
				D02106B51C5D73DA00F66FEB /* ImageViewCell.m in Sources */,
				D02107371C5DF54F00F66FEB /* MKMapView+ZoomLevel.m in Sources */,
				D021069E1C5D71B000F66FEB /* ImageCollectionController.m in Sources */,
				D0F28A301C5E907F00910605 /* DiscountsCollectionViewController.m in Sources */,
				D0F28A351C5E90F800910605 /* DiscountItemViewCell.m in Sources */,
				D02106A81C5D721100F66FEB /* UIImage+OrientationFix.m in Sources */,
				D02107341C5DF54F00F66FEB /* MapViewController.m in Sources */,
				D09F575A1C5E7D380010420E /* CertificateItemViewCell.m in Sources */,
				D021074C1C5E739B00F66FEB /* CertificatesCollectionViewController.m in Sources */,
				D02106A51C5D721100F66FEB /* UIImageView+WebRotationFixed.m in Sources */,
				D02106E81C5DCEDF00F66FEB /* RestaurantDetailsViewController.m in Sources */,
				D02106DA1C5DA33C00F66FEB /* RestaurantItemViewCell.m in Sources */,
				D0A194F41C5D47F10044D061 /* sweUITests.m in Sources */,
			);
			runOnlyForDeploymentPostprocessing = 0;
		};
/* End PBXSourcesBuildPhase section */

/* Begin PBXTargetDependency section */
		D0A194E61C5D47F10044D061 /* PBXTargetDependency */ = {
			isa = PBXTargetDependency;
			target = D0A194C71C5D47F10044D061 /* swe */;
			targetProxy = D0A194E51C5D47F10044D061 /* PBXContainerItemProxy */;
		};
		D0A194F11C5D47F10044D061 /* PBXTargetDependency */ = {
			isa = PBXTargetDependency;
			target = D0A194C71C5D47F10044D061 /* swe */;
			targetProxy = D0A194F01C5D47F10044D061 /* PBXContainerItemProxy */;
		};
/* End PBXTargetDependency section */

/* Begin PBXVariantGroup section */
		D0A194D71C5D47F10044D061 /* Main.storyboard */ = {
			isa = PBXVariantGroup;
			children = (
				D0A194D81C5D47F10044D061 /* Base */,
			);
			name = Main.storyboard;
			sourceTree = "<group>";
		};
		D0A194DC1C5D47F10044D061 /* LaunchScreen.storyboard */ = {
			isa = PBXVariantGroup;
			children = (
				D0A194DD1C5D47F10044D061 /* Base */,
			);
			name = LaunchScreen.storyboard;
			sourceTree = "<group>";
		};
/* End PBXVariantGroup section */

/* Begin XCBuildConfiguration section */
		D0A194F61C5D47F10044D061 /* Debug */ = {
			isa = XCBuildConfiguration;
			buildSettings = {
				ALWAYS_SEARCH_USER_PATHS = NO;
				CLANG_CXX_LANGUAGE_STANDARD = "gnu++0x";
				CLANG_CXX_LIBRARY = "libc++";
				CLANG_ENABLE_MODULES = YES;
				CLANG_ENABLE_OBJC_ARC = YES;
				CLANG_WARN_BOOL_CONVERSION = YES;
				CLANG_WARN_CONSTANT_CONVERSION = YES;
				CLANG_WARN_DIRECT_OBJC_ISA_USAGE = YES_ERROR;
				CLANG_WARN_EMPTY_BODY = YES;
				CLANG_WARN_ENUM_CONVERSION = YES;
				CLANG_WARN_INT_CONVERSION = YES;
				CLANG_WARN_OBJC_ROOT_CLASS = YES_ERROR;
				CLANG_WARN_UNREACHABLE_CODE = YES;
				CLANG_WARN__DUPLICATE_METHOD_MATCH = YES;
				"CODE_SIGN_IDENTITY[sdk=iphoneos*]" = "iPhone Developer";
				COPY_PHASE_STRIP = NO;
				DEBUG_INFORMATION_FORMAT = dwarf;
				ENABLE_STRICT_OBJC_MSGSEND = YES;
				ENABLE_TESTABILITY = YES;
				GCC_C_LANGUAGE_STANDARD = gnu99;
				GCC_DYNAMIC_NO_PIC = NO;
				GCC_NO_COMMON_BLOCKS = YES;
				GCC_OPTIMIZATION_LEVEL = 0;
				GCC_PREPROCESSOR_DEFINITIONS = (
					"DEBUG=1",
					"$(inherited)",
				);
				GCC_WARN_64_TO_32_BIT_CONVERSION = YES;
				GCC_WARN_ABOUT_RETURN_TYPE = YES_ERROR;
				GCC_WARN_UNDECLARED_SELECTOR = YES;
				GCC_WARN_UNINITIALIZED_AUTOS = YES_AGGRESSIVE;
				GCC_WARN_UNUSED_FUNCTION = YES;
				GCC_WARN_UNUSED_VARIABLE = YES;
				IPHONEOS_DEPLOYMENT_TARGET = 9.2;
				MTL_ENABLE_DEBUG_INFO = YES;
				ONLY_ACTIVE_ARCH = YES;
				SDKROOT = iphoneos;
				TARGETED_DEVICE_FAMILY = "1,2";
			};
			name = Debug;
		};
		D0A194F71C5D47F10044D061 /* Release */ = {
			isa = XCBuildConfiguration;
			buildSettings = {
				ALWAYS_SEARCH_USER_PATHS = NO;
				CLANG_CXX_LANGUAGE_STANDARD = "gnu++0x";
				CLANG_CXX_LIBRARY = "libc++";
				CLANG_ENABLE_MODULES = YES;
				CLANG_ENABLE_OBJC_ARC = YES;
				CLANG_WARN_BOOL_CONVERSION = YES;
				CLANG_WARN_CONSTANT_CONVERSION = YES;
				CLANG_WARN_DIRECT_OBJC_ISA_USAGE = YES_ERROR;
				CLANG_WARN_EMPTY_BODY = YES;
				CLANG_WARN_ENUM_CONVERSION = YES;
				CLANG_WARN_INT_CONVERSION = YES;
				CLANG_WARN_OBJC_ROOT_CLASS = YES_ERROR;
				CLANG_WARN_UNREACHABLE_CODE = YES;
				CLANG_WARN__DUPLICATE_METHOD_MATCH = YES;
				"CODE_SIGN_IDENTITY[sdk=iphoneos*]" = "iPhone Developer";
				COPY_PHASE_STRIP = NO;
				DEBUG_INFORMATION_FORMAT = "dwarf-with-dsym";
				ENABLE_NS_ASSERTIONS = NO;
				ENABLE_STRICT_OBJC_MSGSEND = YES;
				GCC_C_LANGUAGE_STANDARD = gnu99;
				GCC_NO_COMMON_BLOCKS = YES;
				GCC_WARN_64_TO_32_BIT_CONVERSION = YES;
				GCC_WARN_ABOUT_RETURN_TYPE = YES_ERROR;
				GCC_WARN_UNDECLARED_SELECTOR = YES;
				GCC_WARN_UNINITIALIZED_AUTOS = YES_AGGRESSIVE;
				GCC_WARN_UNUSED_FUNCTION = YES;
				GCC_WARN_UNUSED_VARIABLE = YES;
				IPHONEOS_DEPLOYMENT_TARGET = 9.2;
				MTL_ENABLE_DEBUG_INFO = NO;
				SDKROOT = iphoneos;
				TARGETED_DEVICE_FAMILY = "1,2";
				VALIDATE_PRODUCT = YES;
			};
			name = Release;
		};
		D0A194F91C5D47F10044D061 /* Debug */ = {
			isa = XCBuildConfiguration;
			baseConfigurationReference = 03E6155C776708245F2CE988 /* Pods.debug.xcconfig */;
			buildSettings = {
				ASSETCATALOG_COMPILER_APPICON_NAME = AppIcon;
				INFOPLIST_FILE = swe/Info.plist;
				IPHONEOS_DEPLOYMENT_TARGET = 9.0;
				LD_RUNPATH_SEARCH_PATHS = "$(inherited) @executable_path/Frameworks";
				PRODUCT_BUNDLE_IDENTIFIER = com.greendex.swe;
				PRODUCT_NAME = "$(TARGET_NAME)";
			};
			name = Debug;
		};
		D0A194FA1C5D47F10044D061 /* Release */ = {
			isa = XCBuildConfiguration;
			baseConfigurationReference = 07F1E54B4E960A2BFB539A41 /* Pods.release.xcconfig */;
			buildSettings = {
				ASSETCATALOG_COMPILER_APPICON_NAME = AppIcon;
				INFOPLIST_FILE = swe/Info.plist;
				IPHONEOS_DEPLOYMENT_TARGET = 9.0;
				LD_RUNPATH_SEARCH_PATHS = "$(inherited) @executable_path/Frameworks";
				PRODUCT_BUNDLE_IDENTIFIER = com.greendex.swe;
				PRODUCT_NAME = "$(TARGET_NAME)";
			};
			name = Release;
		};
		D0A194FC1C5D47F10044D061 /* Debug */ = {
			isa = XCBuildConfiguration;
			buildSettings = {
				BUNDLE_LOADER = "$(TEST_HOST)";
				INFOPLIST_FILE = sweTests/Info.plist;
				LD_RUNPATH_SEARCH_PATHS = "$(inherited) @executable_path/Frameworks @loader_path/Frameworks";
				PRODUCT_BUNDLE_IDENTIFIER = com.greendex.sweTests;
				PRODUCT_NAME = "$(TARGET_NAME)";
				TEST_HOST = "$(BUILT_PRODUCTS_DIR)/swe.app/swe";
			};
			name = Debug;
		};
		D0A194FD1C5D47F10044D061 /* Release */ = {
			isa = XCBuildConfiguration;
			buildSettings = {
				BUNDLE_LOADER = "$(TEST_HOST)";
				INFOPLIST_FILE = sweTests/Info.plist;
				LD_RUNPATH_SEARCH_PATHS = "$(inherited) @executable_path/Frameworks @loader_path/Frameworks";
				PRODUCT_BUNDLE_IDENTIFIER = com.greendex.sweTests;
				PRODUCT_NAME = "$(TARGET_NAME)";
				TEST_HOST = "$(BUILT_PRODUCTS_DIR)/swe.app/swe";
			};
			name = Release;
		};
		D0A194FF1C5D47F10044D061 /* Debug */ = {
			isa = XCBuildConfiguration;
			buildSettings = {
				INFOPLIST_FILE = sweUITests/Info.plist;
				LD_RUNPATH_SEARCH_PATHS = "$(inherited) @executable_path/Frameworks @loader_path/Frameworks";
				PRODUCT_BUNDLE_IDENTIFIER = com.greendex.sweUITests;
				PRODUCT_NAME = "$(TARGET_NAME)";
				TEST_TARGET_NAME = swe;
				USES_XCTRUNNER = YES;
			};
			name = Debug;
		};
		D0A195001C5D47F10044D061 /* Release */ = {
			isa = XCBuildConfiguration;
			buildSettings = {
				INFOPLIST_FILE = sweUITests/Info.plist;
				LD_RUNPATH_SEARCH_PATHS = "$(inherited) @executable_path/Frameworks @loader_path/Frameworks";
				PRODUCT_BUNDLE_IDENTIFIER = com.greendex.sweUITests;
				PRODUCT_NAME = "$(TARGET_NAME)";
				TEST_TARGET_NAME = swe;
				USES_XCTRUNNER = YES;
			};
			name = Release;
		};
/* End XCBuildConfiguration section */

/* Begin XCConfigurationList section */
		D0A194C31C5D47F10044D061 /* Build configuration list for PBXProject "swe" */ = {
			isa = XCConfigurationList;
			buildConfigurations = (
				D0A194F61C5D47F10044D061 /* Debug */,
				D0A194F71C5D47F10044D061 /* Release */,
			);
			defaultConfigurationIsVisible = 0;
			defaultConfigurationName = Release;
		};
		D0A194F81C5D47F10044D061 /* Build configuration list for PBXNativeTarget "swe" */ = {
			isa = XCConfigurationList;
			buildConfigurations = (
				D0A194F91C5D47F10044D061 /* Debug */,
				D0A194FA1C5D47F10044D061 /* Release */,
			);
			defaultConfigurationIsVisible = 0;
			defaultConfigurationName = Release;
		};
		D0A194FB1C5D47F10044D061 /* Build configuration list for PBXNativeTarget "sweTests" */ = {
			isa = XCConfigurationList;
			buildConfigurations = (
				D0A194FC1C5D47F10044D061 /* Debug */,
				D0A194FD1C5D47F10044D061 /* Release */,
			);
			defaultConfigurationIsVisible = 0;
			defaultConfigurationName = Release;
		};
		D0A194FE1C5D47F10044D061 /* Build configuration list for PBXNativeTarget "sweUITests" */ = {
			isa = XCConfigurationList;
			buildConfigurations = (
				D0A194FF1C5D47F10044D061 /* Debug */,
				D0A195001C5D47F10044D061 /* Release */,
			);
			defaultConfigurationIsVisible = 0;
			defaultConfigurationName = Release;
		};
/* End XCConfigurationList section */
	};
	rootObject = D0A194C01C5D47F10044D061 /* Project object */;
}
