// !$*UTF8*$!
{
	archiveVersion = 1;
	classes = {
	};
	objectVersion = 46;
	objects = {

/* Begin PBXBuildFile section */
		D0A194CD1C5D47F10044D061 /* main.m in Sources */ = {isa = PBXBuildFile; fileRef = D0A194CC1C5D47F10044D061 /* main.m */; };
		D0A194D01C5D47F10044D061 /* AppDelegate.m in Sources */ = {isa = PBXBuildFile; fileRef = D0A194CF1C5D47F10044D061 /* AppDelegate.m */; };
		D0A194D31C5D47F10044D061 /* FirstViewController.m in Sources */ = {isa = PBXBuildFile; fileRef = D0A194D21C5D47F10044D061 /* FirstViewController.m */; };
		D0A194D61C5D47F10044D061 /* SecondViewController.m in Sources */ = {isa = PBXBuildFile; fileRef = D0A194D51C5D47F10044D061 /* SecondViewController.m */; };
		D0A194D91C5D47F10044D061 /* Main.storyboard in Resources */ = {isa = PBXBuildFile; fileRef = D0A194D71C5D47F10044D061 /* Main.storyboard */; };
		D0A194DB1C5D47F10044D061 /* Assets.xcassets in Resources */ = {isa = PBXBuildFile; fileRef = D0A194DA1C5D47F10044D061 /* Assets.xcassets */; };
		D0A194DE1C5D47F10044D061 /* LaunchScreen.storyboard in Resources */ = {isa = PBXBuildFile; fileRef = D0A194DC1C5D47F10044D061 /* LaunchScreen.storyboard */; };
		D0A194E91C5D47F10044D061 /* sweTests.m in Sources */ = {isa = PBXBuildFile; fileRef = D0A194E81C5D47F10044D061 /* sweTests.m */; };
		D0A194F41C5D47F10044D061 /* sweUITests.m in Sources */ = {isa = PBXBuildFile; fileRef = D0A194F31C5D47F10044D061 /* sweUITests.m */; };
		DAD61D4EAD9CB182432A4278 /* libPods.a in Frameworks */ = {isa = PBXBuildFile; fileRef = A978F58B106BC970DD7AB858 /* libPods.a */; };
/* End PBXBuildFile section */

/* Begin PBXContainerItemProxy section */
		D0A194E51C5D47F10044D061 /* PBXContainerItemProxy */ = {
			isa = PBXContainerItemProxy;
			containerPortal = D0A194C01C5D47F10044D061 /* Project object */;
			proxyType = 1;
			remoteGlobalIDString = D0A194C71C5D47F10044D061;
			remoteInfo = swe;
		};
		D0A194F01C5D47F10044D061 /* PBXContainerItemProxy */ = {
			isa = PBXContainerItemProxy;
			containerPortal = D0A194C01C5D47F10044D061 /* Project object */;
			proxyType = 1;
			remoteGlobalIDString = D0A194C71C5D47F10044D061;
			remoteInfo = swe;
		};
/* End PBXContainerItemProxy section */

/* Begin PBXFileReference section */
		03E6155C776708245F2CE988 /* Pods.debug.xcconfig */ = {isa = PBXFileReference; includeInIndex = 1; lastKnownFileType = text.xcconfig; name = Pods.debug.xcconfig; path = "Pods/Target Support Files/Pods/Pods.debug.xcconfig"; sourceTree = "<group>"; };
		07F1E54B4E960A2BFB539A41 /* Pods.release.xcconfig */ = {isa = PBXFileReference; includeInIndex = 1; lastKnownFileType = text.xcconfig; name = Pods.release.xcconfig; path = "Pods/Target Support Files/Pods/Pods.release.xcconfig"; sourceTree = "<group>"; };
		A978F58B106BC970DD7AB858 /* libPods.a */ = {isa = PBXFileReference; explicitFileType = archive.ar; includeInIndex = 0; path = libPods.a; sourceTree = BUILT_PRODUCTS_DIR; };
		D0A194C81C5D47F10044D061 /* swe.app */ = {isa = PBXFileReference; explicitFileType = wrapper.application; includeInIndex = 0; path = swe.app; sourceTree = BUILT_PRODUCTS_DIR; };
		D0A194CC1C5D47F10044D061 /* main.m */ = {isa = PBXFileReference; lastKnownFileType = sourcecode.c.objc; path = main.m; sourceTree = "<group>"; };
		D0A194CE1C5D47F10044D061 /* AppDelegate.h */ = {isa = PBXFileReference; lastKnownFileType = sourcecode.c.h; path = AppDelegate.h; sourceTree = "<group>"; };
		D0A194CF1C5D47F10044D061 /* AppDelegate.m */ = {isa = PBXFileReference; lastKnownFileType = sourcecode.c.objc; path = AppDelegate.m; sourceTree = "<group>"; };
		D0A194D11C5D47F10044D061 /* FirstViewController.h */ = {isa = PBXFileReference; lastKnownFileType = sourcecode.c.h; path = FirstViewController.h; sourceTree = "<group>"; };
		D0A194D21C5D47F10044D061 /* FirstViewController.m */ = {isa = PBXFileReference; lastKnownFileType = sourcecode.c.objc; path = FirstViewController.m; sourceTree = "<group>"; };
		D0A194D41C5D47F10044D061 /* SecondViewController.h */ = {isa = PBXFileReference; lastKnownFileType = sourcecode.c.h; path = SecondViewController.h; sourceTree = "<group>"; };
		D0A194D51C5D47F10044D061 /* SecondViewController.m */ = {isa = PBXFileReference; lastKnownFileType = sourcecode.c.objc; path = SecondViewController.m; sourceTree = "<group>"; };
		D0A194D81C5D47F10044D061 /* Base */ = {isa = PBXFileReference; lastKnownFileType = file.storyboard; name = Base; path = Base.lproj/Main.storyboard; sourceTree = "<group>"; };
		D0A194DA1C5D47F10044D061 /* Assets.xcassets */ = {isa = PBXFileReference; lastKnownFileType = folder.assetcatalog; path = Assets.xcassets; sourceTree = "<group>"; };
		D0A194DD1C5D47F10044D061 /* Base */ = {isa = PBXFileReference; lastKnownFileType = file.storyboard; name = Base; path = Base.lproj/LaunchScreen.storyboard; sourceTree = "<group>"; };
		D0A194DF1C5D47F10044D061 /* Info.plist */ = {isa = PBXFileReference; lastKnownFileType = text.plist.xml; path = Info.plist; sourceTree = "<group>"; };
		D0A194E41C5D47F10044D061 /* sweTests.xctest */ = {isa = PBXFileReference; explicitFileType = wrapper.cfbundle; includeInIndex = 0; path = sweTests.xctest; sourceTree = BUILT_PRODUCTS_DIR; };
		D0A194E81C5D47F10044D061 /* sweTests.m */ = {isa = PBXFileReference; lastKnownFileType = sourcecode.c.objc; path = sweTests.m; sourceTree = "<group>"; };
		D0A194EA1C5D47F10044D061 /* Info.plist */ = {isa = PBXFileReference; lastKnownFileType = text.plist.xml; path = Info.plist; sourceTree = "<group>"; };
		D0A194EF1C5D47F10044D061 /* sweUITests.xctest */ = {isa = PBXFileReference; explicitFileType = wrapper.cfbundle; includeInIndex = 0; path = sweUITests.xctest; sourceTree = BUILT_PRODUCTS_DIR; };
		D0A194F31C5D47F10044D061 /* sweUITests.m */ = {isa = PBXFileReference; lastKnownFileType = sourcecode.c.objc; path = sweUITests.m; sourceTree = "<group>"; };
		D0A194F51C5D47F10044D061 /* Info.plist */ = {isa = PBXFileReference; lastKnownFileType = text.plist.xml; path = Info.plist; sourceTree = "<group>"; };
/* End PBXFileReference section */

/* Begin PBXFrameworksBuildPhase section */
		D0A194C51C5D47F10044D061 /* Frameworks */ = {
			isa = PBXFrameworksBuildPhase;
			buildActionMask = 2147483647;
			files = (
				DAD61D4EAD9CB182432A4278 /* libPods.a in Frameworks */,
			);
			runOnlyForDeploymentPostprocessing = 0;
		};
		D0A194E11C5D47F10044D061 /* Frameworks */ = {
			isa = PBXFrameworksBuildPhase;
			buildActionMask = 2147483647;
			files = (
			);
			runOnlyForDeploymentPostprocessing = 0;
		};
		D0A194EC1C5D47F10044D061 /* Frameworks */ = {
			isa = PBXFrameworksBuildPhase;
			buildActionMask = 2147483647;
			files = (
			);
			runOnlyForDeploymentPostprocessing = 0;
		};
/* End PBXFrameworksBuildPhase section */

/* Begin PBXGroup section */
		BF9F8AE20C7ED26A8CBF73D4 /* Pods */ = {
			isa = PBXGroup;
			children = (
				03E6155C776708245F2CE988 /* Pods.debug.xcconfig */,
				07F1E54B4E960A2BFB539A41 /* Pods.release.xcconfig */,
			);
			name = Pods;
			sourceTree = "<group>";
		};
		D0A194BF1C5D47F10044D061 = {
			isa = PBXGroup;
			children = (
				D0A194CA1C5D47F10044D061 /* swe */,
				D0A194E71C5D47F10044D061 /* sweTests */,
				D0A194F21C5D47F10044D061 /* sweUITests */,
				D0A194C91C5D47F10044D061 /* Products */,
				BF9F8AE20C7ED26A8CBF73D4 /* Pods */,
				E750C26E6D115B2451902D74 /* Frameworks */,
			);
			sourceTree = "<group>";
		};
		D0A194C91C5D47F10044D061 /* Products */ = {
			isa = PBXGroup;
			children = (
				D0A194C81C5D47F10044D061 /* swe.app */,
				D0A194E41C5D47F10044D061 /* sweTests.xctest */,
				D0A194EF1C5D47F10044D061 /* sweUITests.xctest */,
			);
			name = Products;
			sourceTree = "<group>";
		};
		D0A194CA1C5D47F10044D061 /* swe */ = {
			isa = PBXGroup;
			children = (
				D0A194CE1C5D47F10044D061 /* AppDelegate.h */,
				D0A194CF1C5D47F10044D061 /* AppDelegate.m */,
				D0A194D11C5D47F10044D061 /* FirstViewController.h */,
				D0A194D21C5D47F10044D061 /* FirstViewController.m */,
				D0A194D41C5D47F10044D061 /* SecondViewController.h */,
				D0A194D51C5D47F10044D061 /* SecondViewController.m */,
				D0A194D71C5D47F10044D061 /* Main.storyboard */,
				D0A194DA1C5D47F10044D061 /* Assets.xcassets */,
				D0A194DC1C5D47F10044D061 /* LaunchScreen.storyboard */,
				D0A194DF1C5D47F10044D061 /* Info.plist */,
				D0A194CB1C5D47F10044D061 /* Supporting Files */,
			);
			path = swe;
			sourceTree = "<group>";
		};
		D0A194CB1C5D47F10044D061 /* Supporting Files */ = {
			isa = PBXGroup;
			children = (
				D0A194CC1C5D47F10044D061 /* main.m */,
			);
			name = "Supporting Files";
			sourceTree = "<group>";
		};
		D0A194E71C5D47F10044D061 /* sweTests */ = {
			isa = PBXGroup;
			children = (
				D0A194E81C5D47F10044D061 /* sweTests.m */,
				D0A194EA1C5D47F10044D061 /* Info.plist */,
			);
			path = sweTests;
			sourceTree = "<group>";
		};
		D0A194F21C5D47F10044D061 /* sweUITests */ = {
			isa = PBXGroup;
			children = (
				D0A194F31C5D47F10044D061 /* sweUITests.m */,
				D0A194F51C5D47F10044D061 /* Info.plist */,
			);
			path = sweUITests;
			sourceTree = "<group>";
		};
		E750C26E6D115B2451902D74 /* Frameworks */ = {
			isa = PBXGroup;
			children = (
				A978F58B106BC970DD7AB858 /* libPods.a */,
			);
			name = Frameworks;
			sourceTree = "<group>";
		};
/* End PBXGroup section */

/* Begin PBXNativeTarget section */
		D0A194C71C5D47F10044D061 /* swe */ = {
			isa = PBXNativeTarget;
			buildConfigurationList = D0A194F81C5D47F10044D061 /* Build configuration list for PBXNativeTarget "swe" */;
			buildPhases = (
				1702D75FC3C5EF57E998E340 /* Check Pods Manifest.lock */,
				D0A194C41C5D47F10044D061 /* Sources */,
				D0A194C51C5D47F10044D061 /* Frameworks */,
				D0A194C61C5D47F10044D061 /* Resources */,
				2478C4714A1074BB5A7B3B55 /* Embed Pods Frameworks */,
				E2B03FC54166FD8AA34693DE /* Copy Pods Resources */,
			);
			buildRules = (
			);
			dependencies = (
			);
			name = swe;
			productName = swe;
			productReference = D0A194C81C5D47F10044D061 /* swe.app */;
			productType = "com.apple.product-type.application";
		};
		D0A194E31C5D47F10044D061 /* sweTests */ = {
			isa = PBXNativeTarget;
			buildConfigurationList = D0A194FB1C5D47F10044D061 /* Build configuration list for PBXNativeTarget "sweTests" */;
			buildPhases = (
				D0A194E01C5D47F10044D061 /* Sources */,
				D0A194E11C5D47F10044D061 /* Frameworks */,
				D0A194E21C5D47F10044D061 /* Resources */,
			);
			buildRules = (
			);
			dependencies = (
				D0A194E61C5D47F10044D061 /* PBXTargetDependency */,
			);
			name = sweTests;
			productName = sweTests;
			productReference = D0A194E41C5D47F10044D061 /* sweTests.xctest */;
			productType = "com.apple.product-type.bundle.unit-test";
		};
		D0A194EE1C5D47F10044D061 /* sweUITests */ = {
			isa = PBXNativeTarget;
			buildConfigurationList = D0A194FE1C5D47F10044D061 /* Build configuration list for PBXNativeTarget "sweUITests" */;
			buildPhases = (
				D0A194EB1C5D47F10044D061 /* Sources */,
				D0A194EC1C5D47F10044D061 /* Frameworks */,
				D0A194ED1C5D47F10044D061 /* Resources */,
			);
			buildRules = (
			);
			dependencies = (
				D0A194F11C5D47F10044D061 /* PBXTargetDependency */,
			);
			name = sweUITests;
			productName = sweUITests;
			productReference = D0A194EF1C5D47F10044D061 /* sweUITests.xctest */;
			productType = "com.apple.product-type.bundle.ui-testing";
		};
/* End PBXNativeTarget section */

/* Begin PBXProject section */
		D0A194C01C5D47F10044D061 /* Project object */ = {
			isa = PBXProject;
			attributes = {
				LastUpgradeCheck = 0720;
				ORGANIZATIONNAME = greendrex;
				TargetAttributes = {
					D0A194C71C5D47F10044D061 = {
						CreatedOnToolsVersion = 7.2;
					};
					D0A194E31C5D47F10044D061 = {
						CreatedOnToolsVersion = 7.2;
						TestTargetID = D0A194C71C5D47F10044D061;
					};
					D0A194EE1C5D47F10044D061 = {
						CreatedOnToolsVersion = 7.2;
						TestTargetID = D0A194C71C5D47F10044D061;
					};
				};
			};
			buildConfigurationList = D0A194C31C5D47F10044D061 /* Build configuration list for PBXProject "swe" */;
			compatibilityVersion = "Xcode 3.2";
			developmentRegion = English;
			hasScannedForEncodings = 0;
			knownRegions = (
				en,
				Base,
			);
			mainGroup = D0A194BF1C5D47F10044D061;
			productRefGroup = D0A194C91C5D47F10044D061 /* Products */;
			projectDirPath = "";
			projectRoot = "";
			targets = (
				D0A194C71C5D47F10044D061 /* swe */,
				D0A194E31C5D47F10044D061 /* sweTests */,
				D0A194EE1C5D47F10044D061 /* sweUITests */,
			);
		};
/* End PBXProject section */

/* Begin PBXResourcesBuildPhase section */
		D0A194C61C5D47F10044D061 /* Resources */ = {
			isa = PBXResourcesBuildPhase;
			buildActionMask = 2147483647;
			files = (
				D0A194DE1C5D47F10044D061 /* LaunchScreen.storyboard in Resources */,
				D0A194DB1C5D47F10044D061 /* Assets.xcassets in Resources */,
				D0A194D91C5D47F10044D061 /* Main.storyboard in Resources */,
			);
			runOnlyForDeploymentPostprocessing = 0;
		};
		D0A194E21C5D47F10044D061 /* Resources */ = {
			isa = PBXResourcesBuildPhase;
			buildActionMask = 2147483647;
			files = (
			);
			runOnlyForDeploymentPostprocessing = 0;
		};
		D0A194ED1C5D47F10044D061 /* Resources */ = {
			isa = PBXResourcesBuildPhase;
			buildActionMask = 2147483647;
			files = (
			);
			runOnlyForDeploymentPostprocessing = 0;
		};
/* End PBXResourcesBuildPhase section */

/* Begin PBXShellScriptBuildPhase section */
		1702D75FC3C5EF57E998E340 /* Check Pods Manifest.lock */ = {
			isa = PBXShellScriptBuildPhase;
			buildActionMask = 2147483647;
			files = (
			);
			inputPaths = (
			);
			name = "Check Pods Manifest.lock";
			outputPaths = (
			);
			runOnlyForDeploymentPostprocessing = 0;
			shellPath = /bin/sh;
			shellScript = "diff \"${PODS_ROOT}/../Podfile.lock\" \"${PODS_ROOT}/Manifest.lock\" > /dev/null\nif [[ $? != 0 ]] ; then\n    cat << EOM\nerror: The sandbox is not in sync with the Podfile.lock. Run 'pod install' or update your CocoaPods installation.\nEOM\n    exit 1\nfi\n";
			showEnvVarsInLog = 0;
		};
		2478C4714A1074BB5A7B3B55 /* Embed Pods Frameworks */ = {
			isa = PBXShellScriptBuildPhase;
			buildActionMask = 2147483647;
			files = (
			);
			inputPaths = (
			);
			name = "Embed Pods Frameworks";
			outputPaths = (
			);
			runOnlyForDeploymentPostprocessing = 0;
			shellPath = /bin/sh;
			shellScript = "\"${SRCROOT}/Pods/Target Support Files/Pods/Pods-frameworks.sh\"\n";
			showEnvVarsInLog = 0;
		};
		E2B03FC54166FD8AA34693DE /* Copy Pods Resources */ = {
			isa = PBXShellScriptBuildPhase;
			buildActionMask = 2147483647;
			files = (
			);
			inputPaths = (
			);
			name = "Copy Pods Resources";
			outputPaths = (
			);
			runOnlyForDeploymentPostprocessing = 0;
			shellPath = /bin/sh;
			shellScript = "\"${SRCROOT}/Pods/Target Support Files/Pods/Pods-resources.sh\"\n";
			showEnvVarsInLog = 0;
		};
/* End PBXShellScriptBuildPhase section */

/* Begin PBXSourcesBuildPhase section */
		D0A194C41C5D47F10044D061 /* Sources */ = {
			isa = PBXSourcesBuildPhase;
			buildActionMask = 2147483647;
			files = (
				D0A194D61C5D47F10044D061 /* SecondViewController.m in Sources */,
				D0A194D01C5D47F10044D061 /* AppDelegate.m in Sources */,
				D0A194D31C5D47F10044D061 /* FirstViewController.m in Sources */,
				D0A194CD1C5D47F10044D061 /* main.m in Sources */,
			);
			runOnlyForDeploymentPostprocessing = 0;
		};
		D0A194E01C5D47F10044D061 /* Sources */ = {
			isa = PBXSourcesBuildPhase;
			buildActionMask = 2147483647;
			files = (
				D0A194E91C5D47F10044D061 /* sweTests.m in Sources */,
			);
			runOnlyForDeploymentPostprocessing = 0;
		};
		D0A194EB1C5D47F10044D061 /* Sources */ = {
			isa = PBXSourcesBuildPhase;
			buildActionMask = 2147483647;
			files = (
				D0A194F41C5D47F10044D061 /* sweUITests.m in Sources */,
			);
			runOnlyForDeploymentPostprocessing = 0;
		};
/* End PBXSourcesBuildPhase section */

/* Begin PBXTargetDependency section */
		D0A194E61C5D47F10044D061 /* PBXTargetDependency */ = {
			isa = PBXTargetDependency;
			target = D0A194C71C5D47F10044D061 /* swe */;
			targetProxy = D0A194E51C5D47F10044D061 /* PBXContainerItemProxy */;
		};
		D0A194F11C5D47F10044D061 /* PBXTargetDependency */ = {
			isa = PBXTargetDependency;
			target = D0A194C71C5D47F10044D061 /* swe */;
			targetProxy = D0A194F01C5D47F10044D061 /* PBXContainerItemProxy */;
		};
/* End PBXTargetDependency section */

/* Begin PBXVariantGroup section */
		D0A194D71C5D47F10044D061 /* Main.storyboard */ = {
			isa = PBXVariantGroup;
			children = (
				D0A194D81C5D47F10044D061 /* Base */,
			);
			name = Main.storyboard;
			sourceTree = "<group>";
		};
		D0A194DC1C5D47F10044D061 /* LaunchScreen.storyboard */ = {
			isa = PBXVariantGroup;
			children = (
				D0A194DD1C5D47F10044D061 /* Base */,
			);
			name = LaunchScreen.storyboard;
			sourceTree = "<group>";
		};
/* End PBXVariantGroup section */

/* Begin XCBuildConfiguration section */
		D0A194F61C5D47F10044D061 /* Debug */ = {
			isa = XCBuildConfiguration;
			buildSettings = {
				ALWAYS_SEARCH_USER_PATHS = NO;
				CLANG_CXX_LANGUAGE_STANDARD = "gnu++0x";
				CLANG_CXX_LIBRARY = "libc++";
				CLANG_ENABLE_MODULES = YES;
				CLANG_ENABLE_OBJC_ARC = YES;
				CLANG_WARN_BOOL_CONVERSION = YES;
				CLANG_WARN_CONSTANT_CONVERSION = YES;
				CLANG_WARN_DIRECT_OBJC_ISA_USAGE = YES_ERROR;
				CLANG_WARN_EMPTY_BODY = YES;
				CLANG_WARN_ENUM_CONVERSION = YES;
				CLANG_WARN_INT_CONVERSION = YES;
				CLANG_WARN_OBJC_ROOT_CLASS = YES_ERROR;
				CLANG_WARN_UNREACHABLE_CODE = YES;
				CLANG_WARN__DUPLICATE_METHOD_MATCH = YES;
				"CODE_SIGN_IDENTITY[sdk=iphoneos*]" = "iPhone Developer";
				COPY_PHASE_STRIP = NO;
				DEBUG_INFORMATION_FORMAT = dwarf;
				ENABLE_STRICT_OBJC_MSGSEND = YES;
				ENABLE_TESTABILITY = YES;
				GCC_C_LANGUAGE_STANDARD = gnu99;
				GCC_DYNAMIC_NO_PIC = NO;
				GCC_NO_COMMON_BLOCKS = YES;
				GCC_OPTIMIZATION_LEVEL = 0;
				GCC_PREPROCESSOR_DEFINITIONS = (
					"DEBUG=1",
					"$(inherited)",
				);
				GCC_WARN_64_TO_32_BIT_CONVERSION = YES;
				GCC_WARN_ABOUT_RETURN_TYPE = YES_ERROR;
				GCC_WARN_UNDECLARED_SELECTOR = YES;
				GCC_WARN_UNINITIALIZED_AUTOS = YES_AGGRESSIVE;
				GCC_WARN_UNUSED_FUNCTION = YES;
				GCC_WARN_UNUSED_VARIABLE = YES;
				IPHONEOS_DEPLOYMENT_TARGET = 9.2;
				MTL_ENABLE_DEBUG_INFO = YES;
				ONLY_ACTIVE_ARCH = YES;
				SDKROOT = iphoneos;
				TARGETED_DEVICE_FAMILY = "1,2";
			};
			name = Debug;
		};
		D0A194F71C5D47F10044D061 /* Release */ = {
			isa = XCBuildConfiguration;
			buildSettings = {
				ALWAYS_SEARCH_USER_PATHS = NO;
				CLANG_CXX_LANGUAGE_STANDARD = "gnu++0x";
				CLANG_CXX_LIBRARY = "libc++";
				CLANG_ENABLE_MODULES = YES;
				CLANG_ENABLE_OBJC_ARC = YES;
				CLANG_WARN_BOOL_CONVERSION = YES;
				CLANG_WARN_CONSTANT_CONVERSION = YES;
				CLANG_WARN_DIRECT_OBJC_ISA_USAGE = YES_ERROR;
				CLANG_WARN_EMPTY_BODY = YES;
				CLANG_WARN_ENUM_CONVERSION = YES;
				CLANG_WARN_INT_CONVERSION = YES;
				CLANG_WARN_OBJC_ROOT_CLASS = YES_ERROR;
				CLANG_WARN_UNREACHABLE_CODE = YES;
				CLANG_WARN__DUPLICATE_METHOD_MATCH = YES;
				"CODE_SIGN_IDENTITY[sdk=iphoneos*]" = "iPhone Developer";
				COPY_PHASE_STRIP = NO;
				DEBUG_INFORMATION_FORMAT = "dwarf-with-dsym";
				ENABLE_NS_ASSERTIONS = NO;
				ENABLE_STRICT_OBJC_MSGSEND = YES;
				GCC_C_LANGUAGE_STANDARD = gnu99;
				GCC_NO_COMMON_BLOCKS = YES;
				GCC_WARN_64_TO_32_BIT_CONVERSION = YES;
				GCC_WARN_ABOUT_RETURN_TYPE = YES_ERROR;
				GCC_WARN_UNDECLARED_SELECTOR = YES;
				GCC_WARN_UNINITIALIZED_AUTOS = YES_AGGRESSIVE;
				GCC_WARN_UNUSED_FUNCTION = YES;
				GCC_WARN_UNUSED_VARIABLE = YES;
				IPHONEOS_DEPLOYMENT_TARGET = 9.2;
				MTL_ENABLE_DEBUG_INFO = NO;
				SDKROOT = iphoneos;
				TARGETED_DEVICE_FAMILY = "1,2";
				VALIDATE_PRODUCT = YES;
			};
			name = Release;
		};
		D0A194F91C5D47F10044D061 /* Debug */ = {
			isa = XCBuildConfiguration;
			baseConfigurationReference = 03E6155C776708245F2CE988 /* Pods.debug.xcconfig */;
			buildSettings = {
				ASSETCATALOG_COMPILER_APPICON_NAME = AppIcon;
				INFOPLIST_FILE = swe/Info.plist;
				LD_RUNPATH_SEARCH_PATHS = "$(inherited) @executable_path/Frameworks";
				PRODUCT_BUNDLE_IDENTIFIER = com.greendex.swe;
				PRODUCT_NAME = "$(TARGET_NAME)";
			};
			name = Debug;
		};
		D0A194FA1C5D47F10044D061 /* Release */ = {
			isa = XCBuildConfiguration;
			baseConfigurationReference = 07F1E54B4E960A2BFB539A41 /* Pods.release.xcconfig */;
			buildSettings = {
				ASSETCATALOG_COMPILER_APPICON_NAME = AppIcon;
				INFOPLIST_FILE = swe/Info.plist;
				LD_RUNPATH_SEARCH_PATHS = "$(inherited) @executable_path/Frameworks";
				PRODUCT_BUNDLE_IDENTIFIER = com.greendex.swe;
				PRODUCT_NAME = "$(TARGET_NAME)";
			};
			name = Release;
		};
		D0A194FC1C5D47F10044D061 /* Debug */ = {
			isa = XCBuildConfiguration;
			buildSettings = {
				BUNDLE_LOADER = "$(TEST_HOST)";
				INFOPLIST_FILE = sweTests/Info.plist;
				LD_RUNPATH_SEARCH_PATHS = "$(inherited) @executable_path/Frameworks @loader_path/Frameworks";
				PRODUCT_BUNDLE_IDENTIFIER = com.greendex.sweTests;
				PRODUCT_NAME = "$(TARGET_NAME)";
				TEST_HOST = "$(BUILT_PRODUCTS_DIR)/swe.app/swe";
			};
			name = Debug;
		};
		D0A194FD1C5D47F10044D061 /* Release */ = {
			isa = XCBuildConfiguration;
			buildSettings = {
				BUNDLE_LOADER = "$(TEST_HOST)";
				INFOPLIST_FILE = sweTests/Info.plist;
				LD_RUNPATH_SEARCH_PATHS = "$(inherited) @executable_path/Frameworks @loader_path/Frameworks";
				PRODUCT_BUNDLE_IDENTIFIER = com.greendex.sweTests;
				PRODUCT_NAME = "$(TARGET_NAME)";
				TEST_HOST = "$(BUILT_PRODUCTS_DIR)/swe.app/swe";
			};
			name = Release;
		};
		D0A194FF1C5D47F10044D061 /* Debug */ = {
			isa = XCBuildConfiguration;
			buildSettings = {
				INFOPLIST_FILE = sweUITests/Info.plist;
				LD_RUNPATH_SEARCH_PATHS = "$(inherited) @executable_path/Frameworks @loader_path/Frameworks";
				PRODUCT_BUNDLE_IDENTIFIER = com.greendex.sweUITests;
				PRODUCT_NAME = "$(TARGET_NAME)";
				TEST_TARGET_NAME = swe;
				USES_XCTRUNNER = YES;
			};
			name = Debug;
		};
		D0A195001C5D47F10044D061 /* Release */ = {
			isa = XCBuildConfiguration;
			buildSettings = {
				INFOPLIST_FILE = sweUITests/Info.plist;
				LD_RUNPATH_SEARCH_PATHS = "$(inherited) @executable_path/Frameworks @loader_path/Frameworks";
				PRODUCT_BUNDLE_IDENTIFIER = com.greendex.sweUITests;
				PRODUCT_NAME = "$(TARGET_NAME)";
				TEST_TARGET_NAME = swe;
				USES_XCTRUNNER = YES;
			};
			name = Release;
		};
/* End XCBuildConfiguration section */

/* Begin XCConfigurationList section */
		D0A194C31C5D47F10044D061 /* Build configuration list for PBXProject "swe" */ = {
			isa = XCConfigurationList;
			buildConfigurations = (
				D0A194F61C5D47F10044D061 /* Debug */,
				D0A194F71C5D47F10044D061 /* Release */,
			);
			defaultConfigurationIsVisible = 0;
			defaultConfigurationName = Release;
		};
		D0A194F81C5D47F10044D061 /* Build configuration list for PBXNativeTarget "swe" */ = {
			isa = XCConfigurationList;
			buildConfigurations = (
				D0A194F91C5D47F10044D061 /* Debug */,
				D0A194FA1C5D47F10044D061 /* Release */,
			);
			defaultConfigurationIsVisible = 0;
			defaultConfigurationName = Release;
		};
		D0A194FB1C5D47F10044D061 /* Build configuration list for PBXNativeTarget "sweTests" */ = {
			isa = XCConfigurationList;
			buildConfigurations = (
				D0A194FC1C5D47F10044D061 /* Debug */,
				D0A194FD1C5D47F10044D061 /* Release */,
			);
			defaultConfigurationIsVisible = 0;
			defaultConfigurationName = Release;
		};
		D0A194FE1C5D47F10044D061 /* Build configuration list for PBXNativeTarget "sweUITests" */ = {
			isa = XCConfigurationList;
			buildConfigurations = (
				D0A194FF1C5D47F10044D061 /* Debug */,
				D0A195001C5D47F10044D061 /* Release */,
			);
			defaultConfigurationIsVisible = 0;
			defaultConfigurationName = Release;
		};
/* End XCConfigurationList section */
	};
	rootObject = D0A194C01C5D47F10044D061 /* Project object */;
}
